// !$*UTF8*$!
{
	archiveVersion = 1;
	classes = {
	};
	objectVersion = 46;
	objects = {

/* Begin PBXBuildFile section */
		CE0760D21DB30F8C00D92135 /* MainSortByTableViewCell.m in Sources */ = {isa = PBXBuildFile; fileRef = CE0760D01DB30F8C00D92135 /* MainSortByTableViewCell.m */; };
		CE0760D31DB30F8C00D92135 /* MainSortByTableViewCell.xib in Resources */ = {isa = PBXBuildFile; fileRef = CE0760D11DB30F8C00D92135 /* MainSortByTableViewCell.xib */; };
		CE0760D71DB30FD800D92135 /* SortByDropDownTableViewCell.m in Sources */ = {isa = PBXBuildFile; fileRef = CE0760D51DB30FD800D92135 /* SortByDropDownTableViewCell.m */; };
		CE0760D81DB30FD800D92135 /* SortByDropDownTableViewCell.xib in Resources */ = {isa = PBXBuildFile; fileRef = CE0760D61DB30FD800D92135 /* SortByDropDownTableViewCell.xib */; };
		CE0760DB1DB31AC800D92135 /* SortByControlTableViewDelegate.m in Sources */ = {isa = PBXBuildFile; fileRef = CE0760DA1DB31AC800D92135 /* SortByControlTableViewDelegate.m */; };
		CE11095A1DAF26EB005F4676 /* EpisodeTableViewCell.m in Sources */ = {isa = PBXBuildFile; fileRef = CE1109581DAF26EB005F4676 /* EpisodeTableViewCell.m */; };
		CE11095B1DAF26EB005F4676 /* EpisodeTableViewCell.xib in Resources */ = {isa = PBXBuildFile; fileRef = CE1109591DAF26EB005F4676 /* EpisodeTableViewCell.xib */; };
		CE2A404A1DA14FA7005375F1 /* FeedXmlParser.m in Sources */ = {isa = PBXBuildFile; fileRef = CE2A40491DA14FA7005375F1 /* FeedXmlParser.m */; };
		CE43F6411DA918BE00D8349B /* BasicInfoTableViewCell.m in Sources */ = {isa = PBXBuildFile; fileRef = CE43F63F1DA918BE00D8349B /* BasicInfoTableViewCell.m */; };
		CE43F6421DA918BE00D8349B /* BasicInfoTableViewCell.xib in Resources */ = {isa = PBXBuildFile; fileRef = CE43F6401DA918BE00D8349B /* BasicInfoTableViewCell.xib */; };
		CE43F6461DA9571C00D8349B /* SeparatorTableViewCell.m in Sources */ = {isa = PBXBuildFile; fileRef = CE43F6441DA9571C00D8349B /* SeparatorTableViewCell.m */; };
		CE43F6471DA9571C00D8349B /* SeparatorTableViewCell.xib in Resources */ = {isa = PBXBuildFile; fileRef = CE43F6451DA9571C00D8349B /* SeparatorTableViewCell.xib */; };
		CE43F64A1DA9B9E100D8349B /* TVEventDetails.m in Sources */ = {isa = PBXBuildFile; fileRef = CE43F6491DA9B9E100D8349B /* TVEventDetails.m */; };
		CE43F64D1DA9C2C000D8349B /* MovieDetails.m in Sources */ = {isa = PBXBuildFile; fileRef = CE43F64C1DA9C2C000D8349B /* MovieDetails.m */; };
		CE43F6501DA9C2CF00D8349B /* TVShowDetails.m in Sources */ = {isa = PBXBuildFile; fileRef = CE43F64F1DA9C2CF00D8349B /* TVShowDetails.m */; };
		CE43F6531DA9C73E00D8349B /* Person.m in Sources */ = {isa = PBXBuildFile; fileRef = CE43F6521DA9C73E00D8349B /* Person.m */; };
		CE43F6561DA9C74E00D8349B /* CastMember.m in Sources */ = {isa = PBXBuildFile; fileRef = CE43F6551DA9C74E00D8349B /* CastMember.m */; };
		CE43F6591DA9C76100D8349B /* CrewMember.m in Sources */ = {isa = PBXBuildFile; fileRef = CE43F6581DA9C76100D8349B /* CrewMember.m */; };
		CE43F65C1DAA9A8100D8349B /* TvShowSeason.m in Sources */ = {isa = PBXBuildFile; fileRef = CE43F65B1DAA9A8100D8349B /* TvShowSeason.m */; };
		CE43F6601DAAED3D00D8349B /* TVEventCreditsTableViewCell.m in Sources */ = {isa = PBXBuildFile; fileRef = CE43F65E1DAAED3D00D8349B /* TVEventCreditsTableViewCell.m */; };
		CE43F6611DAAED3D00D8349B /* TVEventCreditsTableViewCell.xib in Resources */ = {isa = PBXBuildFile; fileRef = CE43F65F1DAAED3D00D8349B /* TVEventCreditsTableViewCell.xib */; };
		CE530D931D993061003A708F /* CustomTableViewCell.m in Sources */ = {isa = PBXBuildFile; fileRef = CE530D921D993061003A708F /* CustomTableViewCell.m */; };
		CE530D971D996043003A708F /* FeedDownloader.m in Sources */ = {isa = PBXBuildFile; fileRef = CE530D961D996043003A708F /* FeedDownloader.m */; };
		CE58851D1DB2E88D00A52DBB /* SearchResultTableViewController.m in Sources */ = {isa = PBXBuildFile; fileRef = CE58851C1DB2E88D00A52DBB /* SearchResultTableViewController.m */; };
		CE5885201DB2EBDF00A52DBB /* SearchResultItem.m in Sources */ = {isa = PBXBuildFile; fileRef = CE58851F1DB2EBDF00A52DBB /* SearchResultItem.m */; };
		CE5885231DB2EDA000A52DBB /* SearchResultItemTableViewCell.m in Sources */ = {isa = PBXBuildFile; fileRef = CE5885221DB2EDA000A52DBB /* SearchResultItemTableViewCell.m */; };
		CE5885251DB2EDFD00A52DBB /* SearchResultItemTableViewCell.xib in Resources */ = {isa = PBXBuildFile; fileRef = CE5885241DB2EDFD00A52DBB /* SearchResultItemTableViewCell.xib */; };
		CE5885271DB2EE9800A52DBB /* FeedTableViewCell.xib in Resources */ = {isa = PBXBuildFile; fileRef = CE5885261DB2EE9800A52DBB /* FeedTableViewCell.xib */; };
		CE5885291DB2F14800A52DBB /* TVEventsCollectionViewCell.xib in Resources */ = {isa = PBXBuildFile; fileRef = CE5885281DB2F14800A52DBB /* TVEventsCollectionViewCell.xib */; };
		CE5F6E0A1D9DBE2B00142D6C /* MovieAppConfiguration.m in Sources */ = {isa = PBXBuildFile; fileRef = CE5F6E091D9DBE2B00142D6C /* MovieAppConfiguration.m */; };
		CE69C6C81DB0360100FE3429 /* SimpleCollectionViewCell.m in Sources */ = {isa = PBXBuildFile; fileRef = CE69C6C61DB0360100FE3429 /* SimpleCollectionViewCell.m */; };
		CE69C6C91DB0360100FE3429 /* SimpleCollectionViewCell.xib in Resources */ = {isa = PBXBuildFile; fileRef = CE69C6C71DB0360100FE3429 /* SimpleCollectionViewCell.xib */; };
		CE69C6CC1DB04D8A00FE3429 /* EpisodeDetailsTableViewController.m in Sources */ = {isa = PBXBuildFile; fileRef = CE69C6CB1DB04D8A00FE3429 /* EpisodeDetailsTableViewController.m */; };
		CE69C6D01DB0586700FE3429 /* EpisodeTrailerTableViewCell.m in Sources */ = {isa = PBXBuildFile; fileRef = CE69C6CE1DB0586700FE3429 /* EpisodeTrailerTableViewCell.m */; };
		CE69C6D11DB0586700FE3429 /* EpisodeTrailerTableViewCell.xib in Resources */ = {isa = PBXBuildFile; fileRef = CE69C6CF1DB0586700FE3429 /* EpisodeTrailerTableViewCell.xib */; };
		CE69C6D51DB062E500FE3429 /* BasicEpisodeInfoTableViewCell.m in Sources */ = {isa = PBXBuildFile; fileRef = CE69C6D31DB062E500FE3429 /* BasicEpisodeInfoTableViewCell.m */; };
		CE69C6D61DB062E500FE3429 /* BasicEpisodeInfoTableViewCell.xib in Resources */ = {isa = PBXBuildFile; fileRef = CE69C6D41DB062E500FE3429 /* BasicEpisodeInfoTableViewCell.xib */; };
		CE72729F1D9B38D80073AD6A /* TVEventsCollectionViewCell.m in Sources */ = {isa = PBXBuildFile; fileRef = CE72729D1D9B38D80073AD6A /* TVEventsCollectionViewCell.m */; };
		CE741D341D91ED5D0081C33A /* main.m in Sources */ = {isa = PBXBuildFile; fileRef = CE741D331D91ED5D0081C33A /* main.m */; };
		CE741D371D91ED5D0081C33A /* AppDelegate.m in Sources */ = {isa = PBXBuildFile; fileRef = CE741D361D91ED5D0081C33A /* AppDelegate.m */; };
		CE741D3D1D91ED5D0081C33A /* Main.storyboard in Resources */ = {isa = PBXBuildFile; fileRef = CE741D3B1D91ED5D0081C33A /* Main.storyboard */; };
		CE741D3F1D91ED5D0081C33A /* Assets.xcassets in Resources */ = {isa = PBXBuildFile; fileRef = CE741D3E1D91ED5D0081C33A /* Assets.xcassets */; };
		CE741D421D91ED5D0081C33A /* LaunchScreen.storyboard in Resources */ = {isa = PBXBuildFile; fileRef = CE741D401D91ED5D0081C33A /* LaunchScreen.storyboard */; };
		CE741D4D1D91ED5E0081C33A /* MovieAppTests.m in Sources */ = {isa = PBXBuildFile; fileRef = CE741D4C1D91ED5E0081C33A /* MovieAppTests.m */; };
		CE741D581D91ED5E0081C33A /* MovieAppUITests.m in Sources */ = {isa = PBXBuildFile; fileRef = CE741D571D91ED5E0081C33A /* MovieAppUITests.m */; };
		CE7A7CE41DAEFD6000034D76 /* TrailerViewController.m in Sources */ = {isa = PBXBuildFile; fileRef = CE7A7CE31DAEFD6000034D76 /* TrailerViewController.m */; };
		CE7A7CE71DAEFF9500034D76 /* Video.m in Sources */ = {isa = PBXBuildFile; fileRef = CE7A7CE61DAEFF9500034D76 /* Video.m */; };
		CE8329B31DA7BE82000F9424 /* TVEventDetailsTableViewController.m in Sources */ = {isa = PBXBuildFile; fileRef = CE8329B21DA7BE82000F9424 /* TVEventDetailsTableViewController.m */; };
		CE8329B71DA7D855000F9424 /* TrailerTableViewCell.m in Sources */ = {isa = PBXBuildFile; fileRef = CE8329B51DA7D855000F9424 /* TrailerTableViewCell.m */; };
		CE8329B81DA7D855000F9424 /* TrailerTableViewCell.xib in Resources */ = {isa = PBXBuildFile; fileRef = CE8329B61DA7D855000F9424 /* TrailerTableViewCell.xib */; };
		CEC965E41DAB2B9A0017C990 /* RatingTableViewCell.m in Sources */ = {isa = PBXBuildFile; fileRef = CEC965E21DAB2B9A0017C990 /* RatingTableViewCell.m */; };
		CEC965E51DAB2B9A0017C990 /* RatingTableViewCell.xib in Resources */ = {isa = PBXBuildFile; fileRef = CEC965E31DAB2B9A0017C990 /* RatingTableViewCell.xib */; };
		CEC965E91DAB38AA0017C990 /* OverviewTableViewCell.m in Sources */ = {isa = PBXBuildFile; fileRef = CEC965E71DAB38AA0017C990 /* OverviewTableViewCell.m */; };
		CEC965EA1DAB38AA0017C990 /* OverviewTableViewCell.xib in Resources */ = {isa = PBXBuildFile; fileRef = CEC965E81DAB38AA0017C990 /* OverviewTableViewCell.xib */; };
		CEC965EE1DAB3D4B0017C990 /* ImagesTableViewCell.m in Sources */ = {isa = PBXBuildFile; fileRef = CEC965EC1DAB3D4B0017C990 /* ImagesTableViewCell.m */; };
		CEC965EF1DAB3D4B0017C990 /* ImagesTableViewCell.xib in Resources */ = {isa = PBXBuildFile; fileRef = CEC965ED1DAB3D4B0017C990 /* ImagesTableViewCell.xib */; };
		CEC965F21DAB48820017C990 /* Image.m in Sources */ = {isa = PBXBuildFile; fileRef = CEC965F11DAB48820017C990 /* Image.m */; };
		CECC8E031DAFAEC100E132AA /* EpisodesGuideTableViewController.m in Sources */ = {isa = PBXBuildFile; fileRef = CECC8E021DAFAEC100E132AA /* EpisodesGuideTableViewController.m */; };
		CECC8E061DAFCA6E00E132AA /* TVShowEpisode.m in Sources */ = {isa = PBXBuildFile; fileRef = CECC8E051DAFCA6E00E132AA /* TVShowEpisode.m */; };
		CECC8E0A1DAFD28700E132AA /* YearTableViewCell.m in Sources */ = {isa = PBXBuildFile; fileRef = CECC8E081DAFD28700E132AA /* YearTableViewCell.m */; };
		CECC8E0B1DAFD28700E132AA /* YearTableViewCell.xib in Resources */ = {isa = PBXBuildFile; fileRef = CECC8E091DAFD28700E132AA /* YearTableViewCell.xib */; };
		CECC8E0F1DAFD68A00E132AA /* SeasonSelectionTableViewCell.m in Sources */ = {isa = PBXBuildFile; fileRef = CECC8E0D1DAFD68A00E132AA /* SeasonSelectionTableViewCell.m */; };
		CECC8E101DAFD68A00E132AA /* SeasonSelectionTableViewCell.xib in Resources */ = {isa = PBXBuildFile; fileRef = CECC8E0E1DAFD68A00E132AA /* SeasonSelectionTableViewCell.xib */; };
		CEE832D01D9547FC0074648B /* FeedTableViewCell.m in Sources */ = {isa = PBXBuildFile; fileRef = CEE832CE1D9547FC0074648B /* FeedTableViewCell.m */; };
		CEE832FA1DAC47600024D9B2 /* CastTableViewCell.m in Sources */ = {isa = PBXBuildFile; fileRef = CEE832F81DAC47600024D9B2 /* CastTableViewCell.m */; };
		CEE832FB1DAC47600024D9B2 /* CastTableViewCell.xib in Resources */ = {isa = PBXBuildFile; fileRef = CEE832F91DAC47600024D9B2 /* CastTableViewCell.xib */; };
		CEE833041DAC74EF0024D9B2 /* AlternativeCastTableViewCell.m in Sources */ = {isa = PBXBuildFile; fileRef = CEE833021DAC74EF0024D9B2 /* AlternativeCastTableViewCell.m */; };
		CEE833051DAC74EF0024D9B2 /* AlternativeCastTableViewCell.xib in Resources */ = {isa = PBXBuildFile; fileRef = CEE833031DAC74EF0024D9B2 /* AlternativeCastTableViewCell.xib */; };
		CEE833091DAC8B260024D9B2 /* ReviewsTableViewCell.m in Sources */ = {isa = PBXBuildFile; fileRef = CEE833071DAC8B260024D9B2 /* ReviewsTableViewCell.m */; };
		CEE8330A1DAC8B260024D9B2 /* ReviewsTableViewCell.xib in Resources */ = {isa = PBXBuildFile; fileRef = CEE833081DAC8B260024D9B2 /* ReviewsTableViewCell.xib */; };
		CEE8330D1DAD17A10024D9B2 /* TVEventReview.m in Sources */ = {isa = PBXBuildFile; fileRef = CEE8330C1DAD17A10024D9B2 /* TVEventReview.m */; };
		CEEA7CF71D947C9700D90DEF /* TVEventsViewController.m in Sources */ = {isa = PBXBuildFile; fileRef = CEEA7CF61D947C9700D90DEF /* TVEventsViewController.m */; };
		CEEA7D001D947D3300D90DEF /* Movie.m in Sources */ = {isa = PBXBuildFile; fileRef = CEEA7CFF1D947D3300D90DEF /* Movie.m */; };
		CEEA7D031D947D8B00D90DEF /* NewFeedsItem.m in Sources */ = {isa = PBXBuildFile; fileRef = CEEA7D021D947D8B00D90DEF /* NewFeedsItem.m */; };
		CEEA7D081D9487CF00D90DEF /* NewsFeedTableViewController.m in Sources */ = {isa = PBXBuildFile; fileRef = CEEA7D071D9487CF00D90DEF /* NewsFeedTableViewController.m */; };
		CEF544191D9F3BD300124204 /* DataProviderService.m in Sources */ = {isa = PBXBuildFile; fileRef = CEF544181D9F3BD300124204 /* DataProviderService.m */; };
		CEF6C5A21DA459D80008160F /* TVEvent.m in Sources */ = {isa = PBXBuildFile; fileRef = CEF6C5A11DA459D80008160F /* TVEvent.m */; };
		CEF6C5A51DA459EB0008160F /* TVShow.m in Sources */ = {isa = PBXBuildFile; fileRef = CEF6C5A41DA459EB0008160F /* TVShow.m */; };
		CEF93FA31DADA29E005028F5 /* ReviewSeparatorTableViewCell.m in Sources */ = {isa = PBXBuildFile; fileRef = CEF93FA11DADA29E005028F5 /* ReviewSeparatorTableViewCell.m */; };
		CEF93FA41DADA29E005028F5 /* ReviewSeparatorTableViewCell.xib in Resources */ = {isa = PBXBuildFile; fileRef = CEF93FA21DADA29E005028F5 /* ReviewSeparatorTableViewCell.xib */; };
		CEF93FA81DADD282005028F5 /* SeasonsTableViewCell.m in Sources */ = {isa = PBXBuildFile; fileRef = CEF93FA61DADD282005028F5 /* SeasonsTableViewCell.m */; };
		CEF93FA91DADD282005028F5 /* SeasonsTableViewCell.xib in Resources */ = {isa = PBXBuildFile; fileRef = CEF93FA71DADD282005028F5 /* SeasonsTableViewCell.xib */; };
		CEFE5F091DA6ED9700D5B275 /* Genre.m in Sources */ = {isa = PBXBuildFile; fileRef = CEFE5F081DA6ED9700D5B275 /* Genre.m */; };
		DF78C7EA8AC82599D041287B /* libPods-MovieApp.a in Frameworks */ = {isa = PBXBuildFile; fileRef = 62BDEE23B07756E1D461645C /* libPods-MovieApp.a */; };
/* End PBXBuildFile section */

/* Begin PBXContainerItemProxy section */
		CE741D491D91ED5E0081C33A /* PBXContainerItemProxy */ = {
			isa = PBXContainerItemProxy;
			containerPortal = CE741D271D91ED5D0081C33A /* Project object */;
			proxyType = 1;
			remoteGlobalIDString = CE741D2E1D91ED5D0081C33A;
			remoteInfo = MovieApp;
		};
		CE741D541D91ED5E0081C33A /* PBXContainerItemProxy */ = {
			isa = PBXContainerItemProxy;
			containerPortal = CE741D271D91ED5D0081C33A /* Project object */;
			proxyType = 1;
			remoteGlobalIDString = CE741D2E1D91ED5D0081C33A;
			remoteInfo = MovieApp;
		};
/* End PBXContainerItemProxy section */

/* Begin PBXFileReference section */
		040F34BBEE8EEA7AB088BBF0 /* Pods-MovieApp.release.xcconfig */ = {isa = PBXFileReference; includeInIndex = 1; lastKnownFileType = text.xcconfig; name = "Pods-MovieApp.release.xcconfig"; path = "Pods/Target Support Files/Pods-MovieApp/Pods-MovieApp.release.xcconfig"; sourceTree = "<group>"; };
		3BE3CE64F8B24CB83F4DF077 /* Pods-MovieApp.debug.xcconfig */ = {isa = PBXFileReference; includeInIndex = 1; lastKnownFileType = text.xcconfig; name = "Pods-MovieApp.debug.xcconfig"; path = "Pods/Target Support Files/Pods-MovieApp/Pods-MovieApp.debug.xcconfig"; sourceTree = "<group>"; };
		62BDEE23B07756E1D461645C /* libPods-MovieApp.a */ = {isa = PBXFileReference; explicitFileType = archive.ar; includeInIndex = 0; path = "libPods-MovieApp.a"; sourceTree = BUILT_PRODUCTS_DIR; };
		CE0760CF1DB30F8C00D92135 /* MainSortByTableViewCell.h */ = {isa = PBXFileReference; fileEncoding = 4; lastKnownFileType = sourcecode.c.h; path = MainSortByTableViewCell.h; sourceTree = "<group>"; };
		CE0760D01DB30F8C00D92135 /* MainSortByTableViewCell.m */ = {isa = PBXFileReference; fileEncoding = 4; lastKnownFileType = sourcecode.c.objc; path = MainSortByTableViewCell.m; sourceTree = "<group>"; };
		CE0760D11DB30F8C00D92135 /* MainSortByTableViewCell.xib */ = {isa = PBXFileReference; fileEncoding = 4; lastKnownFileType = file.xib; path = MainSortByTableViewCell.xib; sourceTree = "<group>"; };
		CE0760D41DB30FD800D92135 /* SortByDropDownTableViewCell.h */ = {isa = PBXFileReference; fileEncoding = 4; lastKnownFileType = sourcecode.c.h; path = SortByDropDownTableViewCell.h; sourceTree = "<group>"; };
		CE0760D51DB30FD800D92135 /* SortByDropDownTableViewCell.m */ = {isa = PBXFileReference; fileEncoding = 4; lastKnownFileType = sourcecode.c.objc; path = SortByDropDownTableViewCell.m; sourceTree = "<group>"; };
		CE0760D61DB30FD800D92135 /* SortByDropDownTableViewCell.xib */ = {isa = PBXFileReference; fileEncoding = 4; lastKnownFileType = file.xib; path = SortByDropDownTableViewCell.xib; sourceTree = "<group>"; };
		CE0760D91DB31AC800D92135 /* SortByControlTableViewDelegate.h */ = {isa = PBXFileReference; fileEncoding = 4; lastKnownFileType = sourcecode.c.h; path = SortByControlTableViewDelegate.h; sourceTree = "<group>"; };
		CE0760DA1DB31AC800D92135 /* SortByControlTableViewDelegate.m */ = {isa = PBXFileReference; fileEncoding = 4; lastKnownFileType = sourcecode.c.objc; path = SortByControlTableViewDelegate.m; sourceTree = "<group>"; };
		CE0760DC1DB3221600D92135 /* SelectedIndexChangeDelegate.h */ = {isa = PBXFileReference; fileEncoding = 4; lastKnownFileType = sourcecode.c.h; path = SelectedIndexChangeDelegate.h; sourceTree = "<group>"; };
		CE0760DF1DB413A000D92135 /* PrefixHeader.pch */ = {isa = PBXFileReference; fileEncoding = 4; lastKnownFileType = sourcecode.c.h; path = PrefixHeader.pch; sourceTree = "<group>"; };
		CE1109571DAF26EB005F4676 /* EpisodeTableViewCell.h */ = {isa = PBXFileReference; fileEncoding = 4; lastKnownFileType = sourcecode.c.h; path = EpisodeTableViewCell.h; sourceTree = "<group>"; };
		CE1109581DAF26EB005F4676 /* EpisodeTableViewCell.m */ = {isa = PBXFileReference; fileEncoding = 4; lastKnownFileType = sourcecode.c.objc; path = EpisodeTableViewCell.m; sourceTree = "<group>"; };
		CE1109591DAF26EB005F4676 /* EpisodeTableViewCell.xib */ = {isa = PBXFileReference; fileEncoding = 4; lastKnownFileType = file.xib; path = EpisodeTableViewCell.xib; sourceTree = "<group>"; };
		CE2A40481DA14FA7005375F1 /* FeedXmlParser.h */ = {isa = PBXFileReference; fileEncoding = 4; lastKnownFileType = sourcecode.c.h; path = FeedXmlParser.h; sourceTree = "<group>"; };
		CE2A40491DA14FA7005375F1 /* FeedXmlParser.m */ = {isa = PBXFileReference; fileEncoding = 4; lastKnownFileType = sourcecode.c.objc; path = FeedXmlParser.m; sourceTree = "<group>"; };
		CE43F63E1DA918BE00D8349B /* BasicInfoTableViewCell.h */ = {isa = PBXFileReference; fileEncoding = 4; lastKnownFileType = sourcecode.c.h; path = BasicInfoTableViewCell.h; sourceTree = "<group>"; };
		CE43F63F1DA918BE00D8349B /* BasicInfoTableViewCell.m */ = {isa = PBXFileReference; fileEncoding = 4; lastKnownFileType = sourcecode.c.objc; path = BasicInfoTableViewCell.m; sourceTree = "<group>"; };
		CE43F6401DA918BE00D8349B /* BasicInfoTableViewCell.xib */ = {isa = PBXFileReference; fileEncoding = 4; lastKnownFileType = file.xib; path = BasicInfoTableViewCell.xib; sourceTree = "<group>"; };
		CE43F6431DA9571C00D8349B /* SeparatorTableViewCell.h */ = {isa = PBXFileReference; fileEncoding = 4; lastKnownFileType = sourcecode.c.h; path = SeparatorTableViewCell.h; sourceTree = "<group>"; };
		CE43F6441DA9571C00D8349B /* SeparatorTableViewCell.m */ = {isa = PBXFileReference; fileEncoding = 4; lastKnownFileType = sourcecode.c.objc; path = SeparatorTableViewCell.m; sourceTree = "<group>"; };
		CE43F6451DA9571C00D8349B /* SeparatorTableViewCell.xib */ = {isa = PBXFileReference; fileEncoding = 4; lastKnownFileType = file.xib; path = SeparatorTableViewCell.xib; sourceTree = "<group>"; };
		CE43F6481DA9B9E100D8349B /* TVEventDetails.h */ = {isa = PBXFileReference; fileEncoding = 4; lastKnownFileType = sourcecode.c.h; path = TVEventDetails.h; sourceTree = "<group>"; };
		CE43F6491DA9B9E100D8349B /* TVEventDetails.m */ = {isa = PBXFileReference; fileEncoding = 4; lastKnownFileType = sourcecode.c.objc; path = TVEventDetails.m; sourceTree = "<group>"; };
		CE43F64B1DA9C2C000D8349B /* MovieDetails.h */ = {isa = PBXFileReference; fileEncoding = 4; lastKnownFileType = sourcecode.c.h; path = MovieDetails.h; sourceTree = "<group>"; };
		CE43F64C1DA9C2C000D8349B /* MovieDetails.m */ = {isa = PBXFileReference; fileEncoding = 4; lastKnownFileType = sourcecode.c.objc; path = MovieDetails.m; sourceTree = "<group>"; };
		CE43F64E1DA9C2CF00D8349B /* TVShowDetails.h */ = {isa = PBXFileReference; fileEncoding = 4; lastKnownFileType = sourcecode.c.h; path = TVShowDetails.h; sourceTree = "<group>"; };
		CE43F64F1DA9C2CF00D8349B /* TVShowDetails.m */ = {isa = PBXFileReference; fileEncoding = 4; lastKnownFileType = sourcecode.c.objc; path = TVShowDetails.m; sourceTree = "<group>"; };
		CE43F6511DA9C73E00D8349B /* Person.h */ = {isa = PBXFileReference; fileEncoding = 4; lastKnownFileType = sourcecode.c.h; path = Person.h; sourceTree = "<group>"; };
		CE43F6521DA9C73E00D8349B /* Person.m */ = {isa = PBXFileReference; fileEncoding = 4; lastKnownFileType = sourcecode.c.objc; path = Person.m; sourceTree = "<group>"; };
		CE43F6541DA9C74E00D8349B /* CastMember.h */ = {isa = PBXFileReference; fileEncoding = 4; lastKnownFileType = sourcecode.c.h; path = CastMember.h; sourceTree = "<group>"; };
		CE43F6551DA9C74E00D8349B /* CastMember.m */ = {isa = PBXFileReference; fileEncoding = 4; lastKnownFileType = sourcecode.c.objc; path = CastMember.m; sourceTree = "<group>"; };
		CE43F6571DA9C76100D8349B /* CrewMember.h */ = {isa = PBXFileReference; fileEncoding = 4; lastKnownFileType = sourcecode.c.h; path = CrewMember.h; sourceTree = "<group>"; };
		CE43F6581DA9C76100D8349B /* CrewMember.m */ = {isa = PBXFileReference; fileEncoding = 4; lastKnownFileType = sourcecode.c.objc; path = CrewMember.m; sourceTree = "<group>"; };
		CE43F65A1DAA9A8100D8349B /* TvShowSeason.h */ = {isa = PBXFileReference; fileEncoding = 4; lastKnownFileType = sourcecode.c.h; path = TvShowSeason.h; sourceTree = "<group>"; };
		CE43F65B1DAA9A8100D8349B /* TvShowSeason.m */ = {isa = PBXFileReference; fileEncoding = 4; lastKnownFileType = sourcecode.c.objc; path = TvShowSeason.m; sourceTree = "<group>"; };
		CE43F65D1DAAED3D00D8349B /* TVEventCreditsTableViewCell.h */ = {isa = PBXFileReference; fileEncoding = 4; lastKnownFileType = sourcecode.c.h; path = TVEventCreditsTableViewCell.h; sourceTree = "<group>"; };
		CE43F65E1DAAED3D00D8349B /* TVEventCreditsTableViewCell.m */ = {isa = PBXFileReference; fileEncoding = 4; lastKnownFileType = sourcecode.c.objc; path = TVEventCreditsTableViewCell.m; sourceTree = "<group>"; };
		CE43F65F1DAAED3D00D8349B /* TVEventCreditsTableViewCell.xib */ = {isa = PBXFileReference; fileEncoding = 4; lastKnownFileType = file.xib; path = TVEventCreditsTableViewCell.xib; sourceTree = "<group>"; };
		CE530D911D993061003A708F /* CustomTableViewCell.h */ = {isa = PBXFileReference; fileEncoding = 4; lastKnownFileType = sourcecode.c.h; path = CustomTableViewCell.h; sourceTree = "<group>"; };
		CE530D921D993061003A708F /* CustomTableViewCell.m */ = {isa = PBXFileReference; fileEncoding = 4; lastKnownFileType = sourcecode.c.objc; path = CustomTableViewCell.m; sourceTree = "<group>"; };
		CE530D951D996043003A708F /* FeedDownloader.h */ = {isa = PBXFileReference; fileEncoding = 4; lastKnownFileType = sourcecode.c.h; path = FeedDownloader.h; sourceTree = "<group>"; };
		CE530D961D996043003A708F /* FeedDownloader.m */ = {isa = PBXFileReference; fileEncoding = 4; lastKnownFileType = sourcecode.c.objc; path = FeedDownloader.m; sourceTree = "<group>"; };
		CE5885181DB2E77600A52DBB /* ShowDetailsDelegate.h */ = {isa = PBXFileReference; fileEncoding = 4; lastKnownFileType = sourcecode.c.h; path = ShowDetailsDelegate.h; sourceTree = "<group>"; };
		CE58851B1DB2E88D00A52DBB /* SearchResultTableViewController.h */ = {isa = PBXFileReference; fileEncoding = 4; lastKnownFileType = sourcecode.c.h; path = SearchResultTableViewController.h; sourceTree = "<group>"; };
		CE58851C1DB2E88D00A52DBB /* SearchResultTableViewController.m */ = {isa = PBXFileReference; fileEncoding = 4; lastKnownFileType = sourcecode.c.objc; path = SearchResultTableViewController.m; sourceTree = "<group>"; };
		CE58851E1DB2EBDF00A52DBB /* SearchResultItem.h */ = {isa = PBXFileReference; fileEncoding = 4; lastKnownFileType = sourcecode.c.h; path = SearchResultItem.h; sourceTree = "<group>"; };
		CE58851F1DB2EBDF00A52DBB /* SearchResultItem.m */ = {isa = PBXFileReference; fileEncoding = 4; lastKnownFileType = sourcecode.c.objc; path = SearchResultItem.m; sourceTree = "<group>"; };
		CE5885211DB2EDA000A52DBB /* SearchResultItemTableViewCell.h */ = {isa = PBXFileReference; fileEncoding = 4; lastKnownFileType = sourcecode.c.h; path = SearchResultItemTableViewCell.h; sourceTree = "<group>"; };
		CE5885221DB2EDA000A52DBB /* SearchResultItemTableViewCell.m */ = {isa = PBXFileReference; fileEncoding = 4; lastKnownFileType = sourcecode.c.objc; path = SearchResultItemTableViewCell.m; sourceTree = "<group>"; };
		CE5885241DB2EDFD00A52DBB /* SearchResultItemTableViewCell.xib */ = {isa = PBXFileReference; fileEncoding = 4; lastKnownFileType = file.xib; path = SearchResultItemTableViewCell.xib; sourceTree = "<group>"; };
		CE5885261DB2EE9800A52DBB /* FeedTableViewCell.xib */ = {isa = PBXFileReference; fileEncoding = 4; lastKnownFileType = file.xib; path = FeedTableViewCell.xib; sourceTree = "<group>"; };
		CE5885281DB2F14800A52DBB /* TVEventsCollectionViewCell.xib */ = {isa = PBXFileReference; fileEncoding = 4; lastKnownFileType = file.xib; path = TVEventsCollectionViewCell.xib; sourceTree = "<group>"; };
		CE5F6E081D9DBE2B00142D6C /* MovieAppConfiguration.h */ = {isa = PBXFileReference; fileEncoding = 4; lastKnownFileType = sourcecode.c.h; path = MovieAppConfiguration.h; sourceTree = "<group>"; };
		CE5F6E091D9DBE2B00142D6C /* MovieAppConfiguration.m */ = {isa = PBXFileReference; fileEncoding = 4; lastKnownFileType = sourcecode.c.objc; path = MovieAppConfiguration.m; sourceTree = "<group>"; };
		CE69C6C51DB0360100FE3429 /* SimpleCollectionViewCell.h */ = {isa = PBXFileReference; fileEncoding = 4; lastKnownFileType = sourcecode.c.h; path = SimpleCollectionViewCell.h; sourceTree = "<group>"; };
		CE69C6C61DB0360100FE3429 /* SimpleCollectionViewCell.m */ = {isa = PBXFileReference; fileEncoding = 4; lastKnownFileType = sourcecode.c.objc; path = SimpleCollectionViewCell.m; sourceTree = "<group>"; };
		CE69C6C71DB0360100FE3429 /* SimpleCollectionViewCell.xib */ = {isa = PBXFileReference; fileEncoding = 4; lastKnownFileType = file.xib; path = SimpleCollectionViewCell.xib; sourceTree = "<group>"; };
		CE69C6CA1DB04D8A00FE3429 /* EpisodeDetailsTableViewController.h */ = {isa = PBXFileReference; fileEncoding = 4; lastKnownFileType = sourcecode.c.h; path = EpisodeDetailsTableViewController.h; sourceTree = "<group>"; };
		CE69C6CB1DB04D8A00FE3429 /* EpisodeDetailsTableViewController.m */ = {isa = PBXFileReference; fileEncoding = 4; lastKnownFileType = sourcecode.c.objc; path = EpisodeDetailsTableViewController.m; sourceTree = "<group>"; };
		CE69C6CD1DB0586700FE3429 /* EpisodeTrailerTableViewCell.h */ = {isa = PBXFileReference; fileEncoding = 4; lastKnownFileType = sourcecode.c.h; path = EpisodeTrailerTableViewCell.h; sourceTree = "<group>"; };
		CE69C6CE1DB0586700FE3429 /* EpisodeTrailerTableViewCell.m */ = {isa = PBXFileReference; fileEncoding = 4; lastKnownFileType = sourcecode.c.objc; path = EpisodeTrailerTableViewCell.m; sourceTree = "<group>"; };
		CE69C6CF1DB0586700FE3429 /* EpisodeTrailerTableViewCell.xib */ = {isa = PBXFileReference; fileEncoding = 4; lastKnownFileType = file.xib; path = EpisodeTrailerTableViewCell.xib; sourceTree = "<group>"; };
		CE69C6D21DB062E500FE3429 /* BasicEpisodeInfoTableViewCell.h */ = {isa = PBXFileReference; fileEncoding = 4; lastKnownFileType = sourcecode.c.h; path = BasicEpisodeInfoTableViewCell.h; sourceTree = "<group>"; };
		CE69C6D31DB062E500FE3429 /* BasicEpisodeInfoTableViewCell.m */ = {isa = PBXFileReference; fileEncoding = 4; lastKnownFileType = sourcecode.c.objc; path = BasicEpisodeInfoTableViewCell.m; sourceTree = "<group>"; };
		CE69C6D41DB062E500FE3429 /* BasicEpisodeInfoTableViewCell.xib */ = {isa = PBXFileReference; fileEncoding = 4; lastKnownFileType = file.xib; path = BasicEpisodeInfoTableViewCell.xib; sourceTree = "<group>"; };
		CE72729C1D9B38D80073AD6A /* TVEventsCollectionViewCell.h */ = {isa = PBXFileReference; fileEncoding = 4; lastKnownFileType = sourcecode.c.h; path = TVEventsCollectionViewCell.h; sourceTree = "<group>"; };
		CE72729D1D9B38D80073AD6A /* TVEventsCollectionViewCell.m */ = {isa = PBXFileReference; fileEncoding = 4; lastKnownFileType = sourcecode.c.objc; path = TVEventsCollectionViewCell.m; sourceTree = "<group>"; };
		CE741D2F1D91ED5D0081C33A /* MovieApp.app */ = {isa = PBXFileReference; explicitFileType = wrapper.application; includeInIndex = 0; path = MovieApp.app; sourceTree = BUILT_PRODUCTS_DIR; };
		CE741D331D91ED5D0081C33A /* main.m */ = {isa = PBXFileReference; lastKnownFileType = sourcecode.c.objc; path = main.m; sourceTree = "<group>"; };
		CE741D351D91ED5D0081C33A /* AppDelegate.h */ = {isa = PBXFileReference; lastKnownFileType = sourcecode.c.h; path = AppDelegate.h; sourceTree = "<group>"; };
		CE741D361D91ED5D0081C33A /* AppDelegate.m */ = {isa = PBXFileReference; lastKnownFileType = sourcecode.c.objc; path = AppDelegate.m; sourceTree = "<group>"; };
		CE741D3C1D91ED5D0081C33A /* Base */ = {isa = PBXFileReference; lastKnownFileType = file.storyboard; name = Base; path = Base.lproj/Main.storyboard; sourceTree = "<group>"; };
		CE741D3E1D91ED5D0081C33A /* Assets.xcassets */ = {isa = PBXFileReference; lastKnownFileType = folder.assetcatalog; path = Assets.xcassets; sourceTree = "<group>"; };
		CE741D411D91ED5D0081C33A /* Base */ = {isa = PBXFileReference; lastKnownFileType = file.storyboard; name = Base; path = Base.lproj/LaunchScreen.storyboard; sourceTree = "<group>"; };
		CE741D431D91ED5D0081C33A /* Info.plist */ = {isa = PBXFileReference; lastKnownFileType = text.plist.xml; path = Info.plist; sourceTree = "<group>"; };
		CE741D481D91ED5E0081C33A /* MovieAppTests.xctest */ = {isa = PBXFileReference; explicitFileType = wrapper.cfbundle; includeInIndex = 0; path = MovieAppTests.xctest; sourceTree = BUILT_PRODUCTS_DIR; };
		CE741D4C1D91ED5E0081C33A /* MovieAppTests.m */ = {isa = PBXFileReference; lastKnownFileType = sourcecode.c.objc; path = MovieAppTests.m; sourceTree = "<group>"; };
		CE741D4E1D91ED5E0081C33A /* Info.plist */ = {isa = PBXFileReference; lastKnownFileType = text.plist.xml; path = Info.plist; sourceTree = "<group>"; };
		CE741D531D91ED5E0081C33A /* MovieAppUITests.xctest */ = {isa = PBXFileReference; explicitFileType = wrapper.cfbundle; includeInIndex = 0; path = MovieAppUITests.xctest; sourceTree = BUILT_PRODUCTS_DIR; };
		CE741D571D91ED5E0081C33A /* MovieAppUITests.m */ = {isa = PBXFileReference; lastKnownFileType = sourcecode.c.objc; path = MovieAppUITests.m; sourceTree = "<group>"; };
		CE741D591D91ED5E0081C33A /* Info.plist */ = {isa = PBXFileReference; lastKnownFileType = text.plist.xml; path = Info.plist; sourceTree = "<group>"; };
		CE7A7CDF1DAEF60600034D76 /* ShowTrailerDelegate.h */ = {isa = PBXFileReference; fileEncoding = 4; lastKnownFileType = sourcecode.c.h; path = ShowTrailerDelegate.h; sourceTree = "<group>"; };
		CE7A7CE21DAEFD6000034D76 /* TrailerViewController.h */ = {isa = PBXFileReference; fileEncoding = 4; lastKnownFileType = sourcecode.c.h; path = TrailerViewController.h; sourceTree = "<group>"; };
		CE7A7CE31DAEFD6000034D76 /* TrailerViewController.m */ = {isa = PBXFileReference; fileEncoding = 4; lastKnownFileType = sourcecode.c.objc; path = TrailerViewController.m; sourceTree = "<group>"; };
		CE7A7CE51DAEFF9500034D76 /* Video.h */ = {isa = PBXFileReference; fileEncoding = 4; lastKnownFileType = sourcecode.c.h; path = Video.h; sourceTree = "<group>"; };
		CE7A7CE61DAEFF9500034D76 /* Video.m */ = {isa = PBXFileReference; fileEncoding = 4; lastKnownFileType = sourcecode.c.objc; path = Video.m; sourceTree = "<group>"; };
		CE8329B11DA7BE82000F9424 /* TVEventDetailsTableViewController.h */ = {isa = PBXFileReference; fileEncoding = 4; lastKnownFileType = sourcecode.c.h; path = TVEventDetailsTableViewController.h; sourceTree = "<group>"; };
		CE8329B21DA7BE82000F9424 /* TVEventDetailsTableViewController.m */ = {isa = PBXFileReference; fileEncoding = 4; lastKnownFileType = sourcecode.c.objc; path = TVEventDetailsTableViewController.m; sourceTree = "<group>"; };
		CE8329B41DA7D855000F9424 /* TrailerTableViewCell.h */ = {isa = PBXFileReference; fileEncoding = 4; lastKnownFileType = sourcecode.c.h; path = TrailerTableViewCell.h; sourceTree = "<group>"; };
		CE8329B51DA7D855000F9424 /* TrailerTableViewCell.m */ = {isa = PBXFileReference; fileEncoding = 4; lastKnownFileType = sourcecode.c.objc; path = TrailerTableViewCell.m; sourceTree = "<group>"; };
		CE8329B61DA7D855000F9424 /* TrailerTableViewCell.xib */ = {isa = PBXFileReference; fileEncoding = 4; lastKnownFileType = file.xib; path = TrailerTableViewCell.xib; sourceTree = "<group>"; };
		CE83C6731D9D5BA1008ECA96 /* CFNetwork.framework */ = {isa = PBXFileReference; lastKnownFileType = wrapper.framework; name = CFNetwork.framework; path = System/Library/Frameworks/CFNetwork.framework; sourceTree = SDKROOT; };
		CE83C6751D9D5BA8008ECA96 /* CoreData.framework */ = {isa = PBXFileReference; lastKnownFileType = wrapper.framework; name = CoreData.framework; path = System/Library/Frameworks/CoreData.framework; sourceTree = SDKROOT; };
		CE83C6771D9D5BC4008ECA96 /* MobileCoreServices.framework */ = {isa = PBXFileReference; lastKnownFileType = wrapper.framework; name = MobileCoreServices.framework; path = System/Library/Frameworks/MobileCoreServices.framework; sourceTree = SDKROOT; };
		CE83C6791D9D5BD0008ECA96 /* Security.framework */ = {isa = PBXFileReference; lastKnownFileType = wrapper.framework; name = Security.framework; path = System/Library/Frameworks/Security.framework; sourceTree = SDKROOT; };
		CE83C67B1D9D5BDB008ECA96 /* SystemConfiguration.framework */ = {isa = PBXFileReference; lastKnownFileType = wrapper.framework; name = SystemConfiguration.framework; path = System/Library/Frameworks/SystemConfiguration.framework; sourceTree = SDKROOT; };
		CEC965E11DAB2B9A0017C990 /* RatingTableViewCell.h */ = {isa = PBXFileReference; fileEncoding = 4; lastKnownFileType = sourcecode.c.h; path = RatingTableViewCell.h; sourceTree = "<group>"; };
		CEC965E21DAB2B9A0017C990 /* RatingTableViewCell.m */ = {isa = PBXFileReference; fileEncoding = 4; lastKnownFileType = sourcecode.c.objc; path = RatingTableViewCell.m; sourceTree = "<group>"; };
		CEC965E31DAB2B9A0017C990 /* RatingTableViewCell.xib */ = {isa = PBXFileReference; fileEncoding = 4; lastKnownFileType = file.xib; path = RatingTableViewCell.xib; sourceTree = "<group>"; };
		CEC965E61DAB38AA0017C990 /* OverviewTableViewCell.h */ = {isa = PBXFileReference; fileEncoding = 4; lastKnownFileType = sourcecode.c.h; path = OverviewTableViewCell.h; sourceTree = "<group>"; };
		CEC965E71DAB38AA0017C990 /* OverviewTableViewCell.m */ = {isa = PBXFileReference; fileEncoding = 4; lastKnownFileType = sourcecode.c.objc; path = OverviewTableViewCell.m; sourceTree = "<group>"; };
		CEC965E81DAB38AA0017C990 /* OverviewTableViewCell.xib */ = {isa = PBXFileReference; fileEncoding = 4; lastKnownFileType = file.xib; path = OverviewTableViewCell.xib; sourceTree = "<group>"; };
		CEC965EB1DAB3D4B0017C990 /* ImagesTableViewCell.h */ = {isa = PBXFileReference; fileEncoding = 4; lastKnownFileType = sourcecode.c.h; path = ImagesTableViewCell.h; sourceTree = "<group>"; };
		CEC965EC1DAB3D4B0017C990 /* ImagesTableViewCell.m */ = {isa = PBXFileReference; fileEncoding = 4; lastKnownFileType = sourcecode.c.objc; path = ImagesTableViewCell.m; sourceTree = "<group>"; };
		CEC965ED1DAB3D4B0017C990 /* ImagesTableViewCell.xib */ = {isa = PBXFileReference; fileEncoding = 4; lastKnownFileType = file.xib; path = ImagesTableViewCell.xib; sourceTree = "<group>"; };
		CEC965F01DAB48820017C990 /* Image.h */ = {isa = PBXFileReference; fileEncoding = 4; lastKnownFileType = sourcecode.c.h; path = Image.h; sourceTree = "<group>"; };
		CEC965F11DAB48820017C990 /* Image.m */ = {isa = PBXFileReference; fileEncoding = 4; lastKnownFileType = sourcecode.c.objc; path = Image.m; sourceTree = "<group>"; };
		CECC8E011DAFAEC100E132AA /* EpisodesGuideTableViewController.h */ = {isa = PBXFileReference; fileEncoding = 4; lastKnownFileType = sourcecode.c.h; path = EpisodesGuideTableViewController.h; sourceTree = "<group>"; };
		CECC8E021DAFAEC100E132AA /* EpisodesGuideTableViewController.m */ = {isa = PBXFileReference; fileEncoding = 4; lastKnownFileType = sourcecode.c.objc; path = EpisodesGuideTableViewController.m; sourceTree = "<group>"; };
		CECC8E041DAFCA6E00E132AA /* TVShowEpisode.h */ = {isa = PBXFileReference; fileEncoding = 4; lastKnownFileType = sourcecode.c.h; path = TVShowEpisode.h; sourceTree = "<group>"; };
		CECC8E051DAFCA6E00E132AA /* TVShowEpisode.m */ = {isa = PBXFileReference; fileEncoding = 4; lastKnownFileType = sourcecode.c.objc; path = TVShowEpisode.m; sourceTree = "<group>"; };
		CECC8E071DAFD28700E132AA /* YearTableViewCell.h */ = {isa = PBXFileReference; fileEncoding = 4; lastKnownFileType = sourcecode.c.h; path = YearTableViewCell.h; sourceTree = "<group>"; };
		CECC8E081DAFD28700E132AA /* YearTableViewCell.m */ = {isa = PBXFileReference; fileEncoding = 4; lastKnownFileType = sourcecode.c.objc; path = YearTableViewCell.m; sourceTree = "<group>"; };
		CECC8E091DAFD28700E132AA /* YearTableViewCell.xib */ = {isa = PBXFileReference; fileEncoding = 4; lastKnownFileType = file.xib; path = YearTableViewCell.xib; sourceTree = "<group>"; };
		CECC8E0C1DAFD68A00E132AA /* SeasonSelectionTableViewCell.h */ = {isa = PBXFileReference; fileEncoding = 4; lastKnownFileType = sourcecode.c.h; path = SeasonSelectionTableViewCell.h; sourceTree = "<group>"; };
		CECC8E0D1DAFD68A00E132AA /* SeasonSelectionTableViewCell.m */ = {isa = PBXFileReference; fileEncoding = 4; lastKnownFileType = sourcecode.c.objc; path = SeasonSelectionTableViewCell.m; sourceTree = "<group>"; };
		CECC8E0E1DAFD68A00E132AA /* SeasonSelectionTableViewCell.xib */ = {isa = PBXFileReference; fileEncoding = 4; lastKnownFileType = file.xib; path = SeasonSelectionTableViewCell.xib; sourceTree = "<group>"; };
		CEE832CD1D9547FC0074648B /* FeedTableViewCell.h */ = {isa = PBXFileReference; fileEncoding = 4; lastKnownFileType = sourcecode.c.h; path = FeedTableViewCell.h; sourceTree = "<group>"; };
		CEE832CE1D9547FC0074648B /* FeedTableViewCell.m */ = {isa = PBXFileReference; fileEncoding = 4; lastKnownFileType = sourcecode.c.objc; path = FeedTableViewCell.m; sourceTree = "<group>"; };
		CEE832F71DAC47600024D9B2 /* CastTableViewCell.h */ = {isa = PBXFileReference; fileEncoding = 4; lastKnownFileType = sourcecode.c.h; path = CastTableViewCell.h; sourceTree = "<group>"; };
		CEE832F81DAC47600024D9B2 /* CastTableViewCell.m */ = {isa = PBXFileReference; fileEncoding = 4; lastKnownFileType = sourcecode.c.objc; path = CastTableViewCell.m; sourceTree = "<group>"; };
		CEE832F91DAC47600024D9B2 /* CastTableViewCell.xib */ = {isa = PBXFileReference; fileEncoding = 4; lastKnownFileType = file.xib; path = CastTableViewCell.xib; sourceTree = "<group>"; };
		CEE833011DAC74EF0024D9B2 /* AlternativeCastTableViewCell.h */ = {isa = PBXFileReference; fileEncoding = 4; lastKnownFileType = sourcecode.c.h; path = AlternativeCastTableViewCell.h; sourceTree = "<group>"; };
		CEE833021DAC74EF0024D9B2 /* AlternativeCastTableViewCell.m */ = {isa = PBXFileReference; fileEncoding = 4; lastKnownFileType = sourcecode.c.objc; path = AlternativeCastTableViewCell.m; sourceTree = "<group>"; };
		CEE833031DAC74EF0024D9B2 /* AlternativeCastTableViewCell.xib */ = {isa = PBXFileReference; fileEncoding = 4; lastKnownFileType = file.xib; path = AlternativeCastTableViewCell.xib; sourceTree = "<group>"; };
		CEE833061DAC8B260024D9B2 /* ReviewsTableViewCell.h */ = {isa = PBXFileReference; fileEncoding = 4; lastKnownFileType = sourcecode.c.h; path = ReviewsTableViewCell.h; sourceTree = "<group>"; };
		CEE833071DAC8B260024D9B2 /* ReviewsTableViewCell.m */ = {isa = PBXFileReference; fileEncoding = 4; lastKnownFileType = sourcecode.c.objc; path = ReviewsTableViewCell.m; sourceTree = "<group>"; };
		CEE833081DAC8B260024D9B2 /* ReviewsTableViewCell.xib */ = {isa = PBXFileReference; fileEncoding = 4; lastKnownFileType = file.xib; path = ReviewsTableViewCell.xib; sourceTree = "<group>"; };
		CEE8330B1DAD17A10024D9B2 /* TVEventReview.h */ = {isa = PBXFileReference; fileEncoding = 4; lastKnownFileType = sourcecode.c.h; path = TVEventReview.h; sourceTree = "<group>"; };
		CEE8330C1DAD17A10024D9B2 /* TVEventReview.m */ = {isa = PBXFileReference; fileEncoding = 4; lastKnownFileType = sourcecode.c.objc; path = TVEventReview.m; sourceTree = "<group>"; };
		CEEA7CF51D947C9700D90DEF /* TVEventsViewController.h */ = {isa = PBXFileReference; fileEncoding = 4; lastKnownFileType = sourcecode.c.h; path = TVEventsViewController.h; sourceTree = "<group>"; };
		CEEA7CF61D947C9700D90DEF /* TVEventsViewController.m */ = {isa = PBXFileReference; fileEncoding = 4; lastKnownFileType = sourcecode.c.objc; path = TVEventsViewController.m; sourceTree = "<group>"; };
		CEEA7CFE1D947D3300D90DEF /* Movie.h */ = {isa = PBXFileReference; fileEncoding = 4; lastKnownFileType = sourcecode.c.h; path = Movie.h; sourceTree = "<group>"; };
		CEEA7CFF1D947D3300D90DEF /* Movie.m */ = {isa = PBXFileReference; fileEncoding = 4; lastKnownFileType = sourcecode.c.objc; path = Movie.m; sourceTree = "<group>"; };
		CEEA7D011D947D8B00D90DEF /* NewFeedsItem.h */ = {isa = PBXFileReference; fileEncoding = 4; lastKnownFileType = sourcecode.c.h; path = NewFeedsItem.h; sourceTree = "<group>"; };
		CEEA7D021D947D8B00D90DEF /* NewFeedsItem.m */ = {isa = PBXFileReference; fileEncoding = 4; lastKnownFileType = sourcecode.c.objc; path = NewFeedsItem.m; sourceTree = "<group>"; };
		CEEA7D061D9487CF00D90DEF /* NewsFeedTableViewController.h */ = {isa = PBXFileReference; fileEncoding = 4; lastKnownFileType = sourcecode.c.h; path = NewsFeedTableViewController.h; sourceTree = "<group>"; };
		CEEA7D071D9487CF00D90DEF /* NewsFeedTableViewController.m */ = {isa = PBXFileReference; fileEncoding = 4; lastKnownFileType = sourcecode.c.objc; path = NewsFeedTableViewController.m; sourceTree = "<group>"; };
		CEF544171D9F3BD300124204 /* DataProviderService.h */ = {isa = PBXFileReference; fileEncoding = 4; lastKnownFileType = sourcecode.c.h; path = DataProviderService.h; sourceTree = "<group>"; };
		CEF544181D9F3BD300124204 /* DataProviderService.m */ = {isa = PBXFileReference; fileEncoding = 4; lastKnownFileType = sourcecode.c.objc; path = DataProviderService.m; sourceTree = "<group>"; };
		CEF5441E1D9F456C00124204 /* ItemsArrayReceiver.h */ = {isa = PBXFileReference; fileEncoding = 4; lastKnownFileType = sourcecode.c.h; path = ItemsArrayReceiver.h; sourceTree = "<group>"; };
		CEF6C5A01DA459D80008160F /* TVEvent.h */ = {isa = PBXFileReference; fileEncoding = 4; lastKnownFileType = sourcecode.c.h; path = TVEvent.h; sourceTree = "<group>"; };
		CEF6C5A11DA459D80008160F /* TVEvent.m */ = {isa = PBXFileReference; fileEncoding = 4; lastKnownFileType = sourcecode.c.objc; path = TVEvent.m; sourceTree = "<group>"; };
		CEF6C5A31DA459EB0008160F /* TVShow.h */ = {isa = PBXFileReference; fileEncoding = 4; lastKnownFileType = sourcecode.c.h; path = TVShow.h; sourceTree = "<group>"; };
		CEF6C5A41DA459EB0008160F /* TVShow.m */ = {isa = PBXFileReference; fileEncoding = 4; lastKnownFileType = sourcecode.c.objc; path = TVShow.m; sourceTree = "<group>"; };
		CEF93FA01DADA29E005028F5 /* ReviewSeparatorTableViewCell.h */ = {isa = PBXFileReference; fileEncoding = 4; lastKnownFileType = sourcecode.c.h; path = ReviewSeparatorTableViewCell.h; sourceTree = "<group>"; };
		CEF93FA11DADA29E005028F5 /* ReviewSeparatorTableViewCell.m */ = {isa = PBXFileReference; fileEncoding = 4; lastKnownFileType = sourcecode.c.objc; path = ReviewSeparatorTableViewCell.m; sourceTree = "<group>"; };
		CEF93FA21DADA29E005028F5 /* ReviewSeparatorTableViewCell.xib */ = {isa = PBXFileReference; fileEncoding = 4; lastKnownFileType = file.xib; path = ReviewSeparatorTableViewCell.xib; sourceTree = "<group>"; };
		CEF93FA51DADD282005028F5 /* SeasonsTableViewCell.h */ = {isa = PBXFileReference; fileEncoding = 4; lastKnownFileType = sourcecode.c.h; path = SeasonsTableViewCell.h; sourceTree = "<group>"; };
		CEF93FA61DADD282005028F5 /* SeasonsTableViewCell.m */ = {isa = PBXFileReference; fileEncoding = 4; lastKnownFileType = sourcecode.c.objc; path = SeasonsTableViewCell.m; sourceTree = "<group>"; };
		CEF93FA71DADD282005028F5 /* SeasonsTableViewCell.xib */ = {isa = PBXFileReference; fileEncoding = 4; lastKnownFileType = file.xib; path = SeasonsTableViewCell.xib; sourceTree = "<group>"; };
		CEF93FAA1DADE40F005028F5 /* SeasonsTableViewCellDelegate.h */ = {isa = PBXFileReference; fileEncoding = 4; lastKnownFileType = sourcecode.c.h; path = SeasonsTableViewCellDelegate.h; sourceTree = "<group>"; };
		CEFE5F071DA6ED9700D5B275 /* Genre.h */ = {isa = PBXFileReference; fileEncoding = 4; lastKnownFileType = sourcecode.c.h; path = Genre.h; sourceTree = "<group>"; };
		CEFE5F081DA6ED9700D5B275 /* Genre.m */ = {isa = PBXFileReference; fileEncoding = 4; lastKnownFileType = sourcecode.c.objc; path = Genre.m; sourceTree = "<group>"; };
/* End PBXFileReference section */

/* Begin PBXFrameworksBuildPhase section */
		CE741D2C1D91ED5D0081C33A /* Frameworks */ = {
			isa = PBXFrameworksBuildPhase;
			buildActionMask = 2147483647;
			files = (
				DF78C7EA8AC82599D041287B /* libPods-MovieApp.a in Frameworks */,
			);
			runOnlyForDeploymentPostprocessing = 0;
		};
		CE741D451D91ED5E0081C33A /* Frameworks */ = {
			isa = PBXFrameworksBuildPhase;
			buildActionMask = 2147483647;
			files = (
			);
			runOnlyForDeploymentPostprocessing = 0;
		};
		CE741D501D91ED5E0081C33A /* Frameworks */ = {
			isa = PBXFrameworksBuildPhase;
			buildActionMask = 2147483647;
			files = (
			);
			runOnlyForDeploymentPostprocessing = 0;
		};
/* End PBXFrameworksBuildPhase section */

/* Begin PBXGroup section */
		1188DC2E813450C36908CF3A /* Pods */ = {
			isa = PBXGroup;
			children = (
				3BE3CE64F8B24CB83F4DF077 /* Pods-MovieApp.debug.xcconfig */,
				040F34BBEE8EEA7AB088BBF0 /* Pods-MovieApp.release.xcconfig */,
			);
			name = Pods;
			sourceTree = "<group>";
		};
		CE530D941D995FC5003A708F /* Utilities */ = {
			isa = PBXGroup;
			children = (
				CE530D951D996043003A708F /* FeedDownloader.h */,
				CE530D961D996043003A708F /* FeedDownloader.m */,
				CE5F6E081D9DBE2B00142D6C /* MovieAppConfiguration.h */,
				CE5F6E091D9DBE2B00142D6C /* MovieAppConfiguration.m */,
				CEF544171D9F3BD300124204 /* DataProviderService.h */,
				CEF544181D9F3BD300124204 /* DataProviderService.m */,
				CEF5441E1D9F456C00124204 /* ItemsArrayReceiver.h */,
				CE2A40481DA14FA7005375F1 /* FeedXmlParser.h */,
				CE2A40491DA14FA7005375F1 /* FeedXmlParser.m */,
				CEF93FAA1DADE40F005028F5 /* SeasonsTableViewCellDelegate.h */,
				CE7A7CDF1DAEF60600034D76 /* ShowTrailerDelegate.h */,
				CE5885181DB2E77600A52DBB /* ShowDetailsDelegate.h */,
				CE0760DC1DB3221600D92135 /* SelectedIndexChangeDelegate.h */,
			);
			name = Utilities;
			sourceTree = "<group>";
		};
		CE741D261D91ED5D0081C33A = {
			isa = PBXGroup;
			children = (
				CE0760DF1DB413A000D92135 /* PrefixHeader.pch */,
				CE741D311D91ED5D0081C33A /* MovieApp */,
				CE741D4B1D91ED5E0081C33A /* MovieAppTests */,
				CE741D561D91ED5E0081C33A /* MovieAppUITests */,
				CE741D301D91ED5D0081C33A /* Products */,
				CE83C6721D9D5BA1008ECA96 /* Frameworks */,
				1188DC2E813450C36908CF3A /* Pods */,
			);
			sourceTree = "<group>";
		};
		CE741D301D91ED5D0081C33A /* Products */ = {
			isa = PBXGroup;
			children = (
				CE741D2F1D91ED5D0081C33A /* MovieApp.app */,
				CE741D481D91ED5E0081C33A /* MovieAppTests.xctest */,
				CE741D531D91ED5E0081C33A /* MovieAppUITests.xctest */,
			);
			name = Products;
			sourceTree = "<group>";
		};
		CE741D311D91ED5D0081C33A /* MovieApp */ = {
			isa = PBXGroup;
			children = (
				CE741D651D91ED900081C33A /* Classes */,
				CE741D351D91ED5D0081C33A /* AppDelegate.h */,
				CE741D361D91ED5D0081C33A /* AppDelegate.m */,
				CE741D3B1D91ED5D0081C33A /* Main.storyboard */,
				CE741D3E1D91ED5D0081C33A /* Assets.xcassets */,
				CE741D401D91ED5D0081C33A /* LaunchScreen.storyboard */,
				CE741D431D91ED5D0081C33A /* Info.plist */,
				CE741D321D91ED5D0081C33A /* Supporting Files */,
			);
			path = MovieApp;
			sourceTree = "<group>";
		};
		CE741D321D91ED5D0081C33A /* Supporting Files */ = {
			isa = PBXGroup;
			children = (
				CE741D331D91ED5D0081C33A /* main.m */,
			);
			name = "Supporting Files";
			sourceTree = "<group>";
		};
		CE741D4B1D91ED5E0081C33A /* MovieAppTests */ = {
			isa = PBXGroup;
			children = (
				CE741D4C1D91ED5E0081C33A /* MovieAppTests.m */,
				CE741D4E1D91ED5E0081C33A /* Info.plist */,
			);
			path = MovieAppTests;
			sourceTree = "<group>";
		};
		CE741D561D91ED5E0081C33A /* MovieAppUITests */ = {
			isa = PBXGroup;
			children = (
				CE741D571D91ED5E0081C33A /* MovieAppUITests.m */,
				CE741D591D91ED5E0081C33A /* Info.plist */,
			);
			path = MovieAppUITests;
			sourceTree = "<group>";
		};
		CE741D651D91ED900081C33A /* Classes */ = {
			isa = PBXGroup;
			children = (
				CE530D941D995FC5003A708F /* Utilities */,
				CE741D691D91EDE80081C33A /* Controllers */,
				CE741D681D91EDD50081C33A /* Views */,
				CE741D661D91ED9D0081C33A /* Models */,
			);
			name = Classes;
			sourceTree = "<group>";
		};
		CE741D661D91ED9D0081C33A /* Models */ = {
			isa = PBXGroup;
			children = (
				CEEA7D011D947D8B00D90DEF /* NewFeedsItem.h */,
				CEEA7D021D947D8B00D90DEF /* NewFeedsItem.m */,
				CEEA7CFE1D947D3300D90DEF /* Movie.h */,
				CEEA7CFF1D947D3300D90DEF /* Movie.m */,
				CEF6C5A01DA459D80008160F /* TVEvent.h */,
				CEF6C5A11DA459D80008160F /* TVEvent.m */,
				CEF6C5A31DA459EB0008160F /* TVShow.h */,
				CEF6C5A41DA459EB0008160F /* TVShow.m */,
				CEFE5F071DA6ED9700D5B275 /* Genre.h */,
				CEFE5F081DA6ED9700D5B275 /* Genre.m */,
				CE43F6481DA9B9E100D8349B /* TVEventDetails.h */,
				CE43F6491DA9B9E100D8349B /* TVEventDetails.m */,
				CE43F64B1DA9C2C000D8349B /* MovieDetails.h */,
				CE43F64C1DA9C2C000D8349B /* MovieDetails.m */,
				CE43F64E1DA9C2CF00D8349B /* TVShowDetails.h */,
				CE43F64F1DA9C2CF00D8349B /* TVShowDetails.m */,
				CE43F6511DA9C73E00D8349B /* Person.h */,
				CE43F6521DA9C73E00D8349B /* Person.m */,
				CE43F6551DA9C74E00D8349B /* CastMember.m */,
				CE43F6571DA9C76100D8349B /* CrewMember.h */,
				CE43F6541DA9C74E00D8349B /* CastMember.h */,
				CE43F6581DA9C76100D8349B /* CrewMember.m */,
				CE43F65A1DAA9A8100D8349B /* TvShowSeason.h */,
				CE43F65B1DAA9A8100D8349B /* TvShowSeason.m */,
				CEC965F01DAB48820017C990 /* Image.h */,
				CEC965F11DAB48820017C990 /* Image.m */,
				CEE8330B1DAD17A10024D9B2 /* TVEventReview.h */,
				CEE8330C1DAD17A10024D9B2 /* TVEventReview.m */,
				CE7A7CE51DAEFF9500034D76 /* Video.h */,
				CE7A7CE61DAEFF9500034D76 /* Video.m */,
				CECC8E041DAFCA6E00E132AA /* TVShowEpisode.h */,
				CECC8E051DAFCA6E00E132AA /* TVShowEpisode.m */,
				CE58851E1DB2EBDF00A52DBB /* SearchResultItem.h */,
				CE58851F1DB2EBDF00A52DBB /* SearchResultItem.m */,
			);
			name = Models;
			sourceTree = "<group>";
		};
		CE741D681D91EDD50081C33A /* Views */ = {
			isa = PBXGroup;
			children = (
				CEE832CD1D9547FC0074648B /* FeedTableViewCell.h */,
				CEE832CE1D9547FC0074648B /* FeedTableViewCell.m */,
				CE5885261DB2EE9800A52DBB /* FeedTableViewCell.xib */,
				CE530D911D993061003A708F /* CustomTableViewCell.h */,
				CE530D921D993061003A708F /* CustomTableViewCell.m */,
				CE72729C1D9B38D80073AD6A /* TVEventsCollectionViewCell.h */,
				CE72729D1D9B38D80073AD6A /* TVEventsCollectionViewCell.m */,
				CE5885281DB2F14800A52DBB /* TVEventsCollectionViewCell.xib */,
				CE8329B41DA7D855000F9424 /* TrailerTableViewCell.h */,
				CE8329B51DA7D855000F9424 /* TrailerTableViewCell.m */,
				CE8329B61DA7D855000F9424 /* TrailerTableViewCell.xib */,
				CE43F63E1DA918BE00D8349B /* BasicInfoTableViewCell.h */,
				CE43F63F1DA918BE00D8349B /* BasicInfoTableViewCell.m */,
				CE43F6401DA918BE00D8349B /* BasicInfoTableViewCell.xib */,
				CE43F6431DA9571C00D8349B /* SeparatorTableViewCell.h */,
				CE43F6441DA9571C00D8349B /* SeparatorTableViewCell.m */,
				CE43F6451DA9571C00D8349B /* SeparatorTableViewCell.xib */,
				CE43F65D1DAAED3D00D8349B /* TVEventCreditsTableViewCell.h */,
				CE43F65E1DAAED3D00D8349B /* TVEventCreditsTableViewCell.m */,
				CE43F65F1DAAED3D00D8349B /* TVEventCreditsTableViewCell.xib */,
				CEC965E11DAB2B9A0017C990 /* RatingTableViewCell.h */,
				CEC965E21DAB2B9A0017C990 /* RatingTableViewCell.m */,
				CEC965E31DAB2B9A0017C990 /* RatingTableViewCell.xib */,
				CEC965E61DAB38AA0017C990 /* OverviewTableViewCell.h */,
				CEC965E71DAB38AA0017C990 /* OverviewTableViewCell.m */,
				CEC965E81DAB38AA0017C990 /* OverviewTableViewCell.xib */,
				CEC965EB1DAB3D4B0017C990 /* ImagesTableViewCell.h */,
				CEC965EC1DAB3D4B0017C990 /* ImagesTableViewCell.m */,
				CEC965ED1DAB3D4B0017C990 /* ImagesTableViewCell.xib */,
				CEE832F71DAC47600024D9B2 /* CastTableViewCell.h */,
				CEE832F81DAC47600024D9B2 /* CastTableViewCell.m */,
				CEE832F91DAC47600024D9B2 /* CastTableViewCell.xib */,
				CEE833011DAC74EF0024D9B2 /* AlternativeCastTableViewCell.h */,
				CEE833021DAC74EF0024D9B2 /* AlternativeCastTableViewCell.m */,
				CEE833031DAC74EF0024D9B2 /* AlternativeCastTableViewCell.xib */,
				CEE833061DAC8B260024D9B2 /* ReviewsTableViewCell.h */,
				CEE833071DAC8B260024D9B2 /* ReviewsTableViewCell.m */,
				CEE833081DAC8B260024D9B2 /* ReviewsTableViewCell.xib */,
				CEF93FA01DADA29E005028F5 /* ReviewSeparatorTableViewCell.h */,
				CEF93FA11DADA29E005028F5 /* ReviewSeparatorTableViewCell.m */,
				CEF93FA21DADA29E005028F5 /* ReviewSeparatorTableViewCell.xib */,
				CEF93FA51DADD282005028F5 /* SeasonsTableViewCell.h */,
				CEF93FA61DADD282005028F5 /* SeasonsTableViewCell.m */,
				CEF93FA71DADD282005028F5 /* SeasonsTableViewCell.xib */,
				CE1109571DAF26EB005F4676 /* EpisodeTableViewCell.h */,
				CE1109581DAF26EB005F4676 /* EpisodeTableViewCell.m */,
				CE1109591DAF26EB005F4676 /* EpisodeTableViewCell.xib */,
				CECC8E071DAFD28700E132AA /* YearTableViewCell.h */,
				CECC8E081DAFD28700E132AA /* YearTableViewCell.m */,
				CECC8E091DAFD28700E132AA /* YearTableViewCell.xib */,
				CECC8E0C1DAFD68A00E132AA /* SeasonSelectionTableViewCell.h */,
				CECC8E0D1DAFD68A00E132AA /* SeasonSelectionTableViewCell.m */,
				CECC8E0E1DAFD68A00E132AA /* SeasonSelectionTableViewCell.xib */,
				CE69C6C51DB0360100FE3429 /* SimpleCollectionViewCell.h */,
				CE69C6C61DB0360100FE3429 /* SimpleCollectionViewCell.m */,
				CE69C6C71DB0360100FE3429 /* SimpleCollectionViewCell.xib */,
				CE69C6CD1DB0586700FE3429 /* EpisodeTrailerTableViewCell.h */,
				CE69C6CE1DB0586700FE3429 /* EpisodeTrailerTableViewCell.m */,
				CE69C6CF1DB0586700FE3429 /* EpisodeTrailerTableViewCell.xib */,
				CE69C6D21DB062E500FE3429 /* BasicEpisodeInfoTableViewCell.h */,
				CE69C6D31DB062E500FE3429 /* BasicEpisodeInfoTableViewCell.m */,
				CE69C6D41DB062E500FE3429 /* BasicEpisodeInfoTableViewCell.xib */,
				CE5885211DB2EDA000A52DBB /* SearchResultItemTableViewCell.h */,
				CE5885221DB2EDA000A52DBB /* SearchResultItemTableViewCell.m */,
				CE5885241DB2EDFD00A52DBB /* SearchResultItemTableViewCell.xib */,
				CE0760CF1DB30F8C00D92135 /* MainSortByTableViewCell.h */,
				CE0760D01DB30F8C00D92135 /* MainSortByTableViewCell.m */,
				CE0760D11DB30F8C00D92135 /* MainSortByTableViewCell.xib */,
				CE0760D41DB30FD800D92135 /* SortByDropDownTableViewCell.h */,
				CE0760D51DB30FD800D92135 /* SortByDropDownTableViewCell.m */,
				CE0760D61DB30FD800D92135 /* SortByDropDownTableViewCell.xib */,
			);
			name = Views;
			sourceTree = "<group>";
		};
		CE741D691D91EDE80081C33A /* Controllers */ = {
			isa = PBXGroup;
			children = (
				CEEA7D061D9487CF00D90DEF /* NewsFeedTableViewController.h */,
				CEEA7D071D9487CF00D90DEF /* NewsFeedTableViewController.m */,
				CEEA7CF51D947C9700D90DEF /* TVEventsViewController.h */,
				CEEA7CF61D947C9700D90DEF /* TVEventsViewController.m */,
				CE8329B11DA7BE82000F9424 /* TVEventDetailsTableViewController.h */,
				CE8329B21DA7BE82000F9424 /* TVEventDetailsTableViewController.m */,
				CE7A7CE21DAEFD6000034D76 /* TrailerViewController.h */,
				CE7A7CE31DAEFD6000034D76 /* TrailerViewController.m */,
				CECC8E011DAFAEC100E132AA /* EpisodesGuideTableViewController.h */,
				CECC8E021DAFAEC100E132AA /* EpisodesGuideTableViewController.m */,
				CE69C6CA1DB04D8A00FE3429 /* EpisodeDetailsTableViewController.h */,
				CE69C6CB1DB04D8A00FE3429 /* EpisodeDetailsTableViewController.m */,
				CE58851B1DB2E88D00A52DBB /* SearchResultTableViewController.h */,
				CE58851C1DB2E88D00A52DBB /* SearchResultTableViewController.m */,
				CE0760D91DB31AC800D92135 /* SortByControlTableViewDelegate.h */,
				CE0760DA1DB31AC800D92135 /* SortByControlTableViewDelegate.m */,
			);
			name = Controllers;
			sourceTree = "<group>";
		};
		CE83C6721D9D5BA1008ECA96 /* Frameworks */ = {
			isa = PBXGroup;
			children = (
				CE83C67B1D9D5BDB008ECA96 /* SystemConfiguration.framework */,
				CE83C6791D9D5BD0008ECA96 /* Security.framework */,
				CE83C6771D9D5BC4008ECA96 /* MobileCoreServices.framework */,
				CE83C6751D9D5BA8008ECA96 /* CoreData.framework */,
				CE83C6731D9D5BA1008ECA96 /* CFNetwork.framework */,
				62BDEE23B07756E1D461645C /* libPods-MovieApp.a */,
			);
			name = Frameworks;
			sourceTree = "<group>";
		};
/* End PBXGroup section */

/* Begin PBXNativeTarget section */
		CE741D2E1D91ED5D0081C33A /* MovieApp */ = {
			isa = PBXNativeTarget;
			buildConfigurationList = CE741D5C1D91ED5E0081C33A /* Build configuration list for PBXNativeTarget "MovieApp" */;
			buildPhases = (
				7DEF7356BE77779A03B02530 /* [CP] Check Pods Manifest.lock */,
				CE741D2B1D91ED5D0081C33A /* Sources */,
				CE741D2C1D91ED5D0081C33A /* Frameworks */,
				CE741D2D1D91ED5D0081C33A /* Resources */,
				4981398C4CBFB41B60ADA053 /* [CP] Embed Pods Frameworks */,
				2EC62BD9F044B3DCACF46D51 /* [CP] Copy Pods Resources */,
			);
			buildRules = (
			);
			dependencies = (
			);
			name = MovieApp;
			productName = MovieApp;
			productReference = CE741D2F1D91ED5D0081C33A /* MovieApp.app */;
			productType = "com.apple.product-type.application";
		};
		CE741D471D91ED5E0081C33A /* MovieAppTests */ = {
			isa = PBXNativeTarget;
			buildConfigurationList = CE741D5F1D91ED5E0081C33A /* Build configuration list for PBXNativeTarget "MovieAppTests" */;
			buildPhases = (
				CE741D441D91ED5E0081C33A /* Sources */,
				CE741D451D91ED5E0081C33A /* Frameworks */,
				CE741D461D91ED5E0081C33A /* Resources */,
			);
			buildRules = (
			);
			dependencies = (
				CE741D4A1D91ED5E0081C33A /* PBXTargetDependency */,
			);
			name = MovieAppTests;
			productName = MovieAppTests;
			productReference = CE741D481D91ED5E0081C33A /* MovieAppTests.xctest */;
			productType = "com.apple.product-type.bundle.unit-test";
		};
		CE741D521D91ED5E0081C33A /* MovieAppUITests */ = {
			isa = PBXNativeTarget;
			buildConfigurationList = CE741D621D91ED5E0081C33A /* Build configuration list for PBXNativeTarget "MovieAppUITests" */;
			buildPhases = (
				CE741D4F1D91ED5E0081C33A /* Sources */,
				CE741D501D91ED5E0081C33A /* Frameworks */,
				CE741D511D91ED5E0081C33A /* Resources */,
			);
			buildRules = (
			);
			dependencies = (
				CE741D551D91ED5E0081C33A /* PBXTargetDependency */,
			);
			name = MovieAppUITests;
			productName = MovieAppUITests;
			productReference = CE741D531D91ED5E0081C33A /* MovieAppUITests.xctest */;
			productType = "com.apple.product-type.bundle.ui-testing";
		};
/* End PBXNativeTarget section */

/* Begin PBXProject section */
		CE741D271D91ED5D0081C33A /* Project object */ = {
			isa = PBXProject;
			attributes = {
				LastUpgradeCheck = 0800;
				ORGANIZATIONNAME = internshipABH;
				TargetAttributes = {
					CE741D2E1D91ED5D0081C33A = {
						CreatedOnToolsVersion = 8.0;
						ProvisioningStyle = Automatic;
					};
					CE741D471D91ED5E0081C33A = {
						CreatedOnToolsVersion = 8.0;
						ProvisioningStyle = Automatic;
						TestTargetID = CE741D2E1D91ED5D0081C33A;
					};
					CE741D521D91ED5E0081C33A = {
						CreatedOnToolsVersion = 8.0;
						ProvisioningStyle = Automatic;
						TestTargetID = CE741D2E1D91ED5D0081C33A;
					};
				};
			};
			buildConfigurationList = CE741D2A1D91ED5D0081C33A /* Build configuration list for PBXProject "MovieApp" */;
			compatibilityVersion = "Xcode 3.2";
			developmentRegion = English;
			hasScannedForEncodings = 0;
			knownRegions = (
				en,
				Base,
			);
			mainGroup = CE741D261D91ED5D0081C33A;
			productRefGroup = CE741D301D91ED5D0081C33A /* Products */;
			projectDirPath = "";
			projectRoot = "";
			targets = (
				CE741D2E1D91ED5D0081C33A /* MovieApp */,
				CE741D471D91ED5E0081C33A /* MovieAppTests */,
				CE741D521D91ED5E0081C33A /* MovieAppUITests */,
			);
		};
/* End PBXProject section */

/* Begin PBXResourcesBuildPhase section */
		CE741D2D1D91ED5D0081C33A /* Resources */ = {
			isa = PBXResourcesBuildPhase;
			buildActionMask = 2147483647;
			files = (
				CEE833051DAC74EF0024D9B2 /* AlternativeCastTableViewCell.xib in Resources */,
				CEE8330A1DAC8B260024D9B2 /* ReviewsTableViewCell.xib in Resources */,
				CECC8E101DAFD68A00E132AA /* SeasonSelectionTableViewCell.xib in Resources */,
				CE43F6611DAAED3D00D8349B /* TVEventCreditsTableViewCell.xib in Resources */,
				CECC8E0B1DAFD28700E132AA /* YearTableViewCell.xib in Resources */,
				CEF93FA91DADD282005028F5 /* SeasonsTableViewCell.xib in Resources */,
				CEE832FB1DAC47600024D9B2 /* CastTableViewCell.xib in Resources */,
				CE8329B81DA7D855000F9424 /* TrailerTableViewCell.xib in Resources */,
				CE43F6421DA918BE00D8349B /* BasicInfoTableViewCell.xib in Resources */,
				CE0760D81DB30FD800D92135 /* SortByDropDownTableViewCell.xib in Resources */,
				CE741D421D91ED5D0081C33A /* LaunchScreen.storyboard in Resources */,
				CEC965EF1DAB3D4B0017C990 /* ImagesTableViewCell.xib in Resources */,
				CEC965EA1DAB38AA0017C990 /* OverviewTableViewCell.xib in Resources */,
				CE69C6C91DB0360100FE3429 /* SimpleCollectionViewCell.xib in Resources */,
				CEC965E51DAB2B9A0017C990 /* RatingTableViewCell.xib in Resources */,
				CE11095B1DAF26EB005F4676 /* EpisodeTableViewCell.xib in Resources */,
				CE69C6D61DB062E500FE3429 /* BasicEpisodeInfoTableViewCell.xib in Resources */,
				CE741D3F1D91ED5D0081C33A /* Assets.xcassets in Resources */,
				CE5885251DB2EDFD00A52DBB /* SearchResultItemTableViewCell.xib in Resources */,
				CE0760D31DB30F8C00D92135 /* MainSortByTableViewCell.xib in Resources */,
				CE741D3D1D91ED5D0081C33A /* Main.storyboard in Resources */,
				CEF93FA41DADA29E005028F5 /* ReviewSeparatorTableViewCell.xib in Resources */,
				CE5885271DB2EE9800A52DBB /* FeedTableViewCell.xib in Resources */,
				CE5885291DB2F14800A52DBB /* TVEventsCollectionViewCell.xib in Resources */,
				CE43F6471DA9571C00D8349B /* SeparatorTableViewCell.xib in Resources */,
				CE69C6D11DB0586700FE3429 /* EpisodeTrailerTableViewCell.xib in Resources */,
			);
			runOnlyForDeploymentPostprocessing = 0;
		};
		CE741D461D91ED5E0081C33A /* Resources */ = {
			isa = PBXResourcesBuildPhase;
			buildActionMask = 2147483647;
			files = (
			);
			runOnlyForDeploymentPostprocessing = 0;
		};
		CE741D511D91ED5E0081C33A /* Resources */ = {
			isa = PBXResourcesBuildPhase;
			buildActionMask = 2147483647;
			files = (
			);
			runOnlyForDeploymentPostprocessing = 0;
		};
/* End PBXResourcesBuildPhase section */

/* Begin PBXShellScriptBuildPhase section */
		2EC62BD9F044B3DCACF46D51 /* [CP] Copy Pods Resources */ = {
			isa = PBXShellScriptBuildPhase;
			buildActionMask = 2147483647;
			files = (
			);
			inputPaths = (
			);
			name = "[CP] Copy Pods Resources";
			outputPaths = (
			);
			runOnlyForDeploymentPostprocessing = 0;
			shellPath = /bin/sh;
			shellScript = "\"${SRCROOT}/Pods/Target Support Files/Pods-MovieApp/Pods-MovieApp-resources.sh\"\n";
			showEnvVarsInLog = 0;
		};
		4981398C4CBFB41B60ADA053 /* [CP] Embed Pods Frameworks */ = {
			isa = PBXShellScriptBuildPhase;
			buildActionMask = 2147483647;
			files = (
			);
			inputPaths = (
			);
			name = "[CP] Embed Pods Frameworks";
			outputPaths = (
			);
			runOnlyForDeploymentPostprocessing = 0;
			shellPath = /bin/sh;
			shellScript = "\"${SRCROOT}/Pods/Target Support Files/Pods-MovieApp/Pods-MovieApp-frameworks.sh\"\n";
			showEnvVarsInLog = 0;
		};
		7DEF7356BE77779A03B02530 /* [CP] Check Pods Manifest.lock */ = {
			isa = PBXShellScriptBuildPhase;
			buildActionMask = 2147483647;
			files = (
			);
			inputPaths = (
			);
			name = "[CP] Check Pods Manifest.lock";
			outputPaths = (
			);
			runOnlyForDeploymentPostprocessing = 0;
			shellPath = /bin/sh;
			shellScript = "diff \"${PODS_ROOT}/../Podfile.lock\" \"${PODS_ROOT}/Manifest.lock\" > /dev/null\nif [[ $? != 0 ]] ; then\n    cat << EOM\nerror: The sandbox is not in sync with the Podfile.lock. Run 'pod install' or update your CocoaPods installation.\nEOM\n    exit 1\nfi\n";
			showEnvVarsInLog = 0;
		};
/* End PBXShellScriptBuildPhase section */

/* Begin PBXSourcesBuildPhase section */
		CE741D2B1D91ED5D0081C33A /* Sources */ = {
			isa = PBXSourcesBuildPhase;
			buildActionMask = 2147483647;
			files = (
				CE7A7CE71DAEFF9500034D76 /* Video.m in Sources */,
				CE43F64A1DA9B9E100D8349B /* TVEventDetails.m in Sources */,
				CE43F6601DAAED3D00D8349B /* TVEventCreditsTableViewCell.m in Sources */,
				CEE833091DAC8B260024D9B2 /* ReviewsTableViewCell.m in Sources */,
				CE58851D1DB2E88D00A52DBB /* SearchResultTableViewController.m in Sources */,
				CEC965E91DAB38AA0017C990 /* OverviewTableViewCell.m in Sources */,
				CE43F6561DA9C74E00D8349B /* CastMember.m in Sources */,
				CE69C6CC1DB04D8A00FE3429 /* EpisodeDetailsTableViewController.m in Sources */,
				CE43F6591DA9C76100D8349B /* CrewMember.m in Sources */,
				CEC965F21DAB48820017C990 /* Image.m in Sources */,
				CEF93FA31DADA29E005028F5 /* ReviewSeparatorTableViewCell.m in Sources */,
				CEC965E41DAB2B9A0017C990 /* RatingTableViewCell.m in Sources */,
				CECC8E0A1DAFD28700E132AA /* YearTableViewCell.m in Sources */,
				CEE8330D1DAD17A10024D9B2 /* TVEventReview.m in Sources */,
				CEF6C5A21DA459D80008160F /* TVEvent.m in Sources */,
				CE2A404A1DA14FA7005375F1 /* FeedXmlParser.m in Sources */,
				CE7A7CE41DAEFD6000034D76 /* TrailerViewController.m in Sources */,
				CEEA7D031D947D8B00D90DEF /* NewFeedsItem.m in Sources */,
				CE0760DB1DB31AC800D92135 /* SortByControlTableViewDelegate.m in Sources */,
				CE69C6C81DB0360100FE3429 /* SimpleCollectionViewCell.m in Sources */,
				CE5885201DB2EBDF00A52DBB /* SearchResultItem.m in Sources */,
				CEFE5F091DA6ED9700D5B275 /* Genre.m in Sources */,
				CE43F64D1DA9C2C000D8349B /* MovieDetails.m in Sources */,
				CE741D371D91ED5D0081C33A /* AppDelegate.m in Sources */,
				CEF6C5A51DA459EB0008160F /* TVShow.m in Sources */,
				CEE832FA1DAC47600024D9B2 /* CastTableViewCell.m in Sources */,
				CEC965EE1DAB3D4B0017C990 /* ImagesTableViewCell.m in Sources */,
				CEEA7D081D9487CF00D90DEF /* NewsFeedTableViewController.m in Sources */,
				CE5F6E0A1D9DBE2B00142D6C /* MovieAppConfiguration.m in Sources */,
				CE72729F1D9B38D80073AD6A /* TVEventsCollectionViewCell.m in Sources */,
				CEEA7CF71D947C9700D90DEF /* TVEventsViewController.m in Sources */,
				CEE833041DAC74EF0024D9B2 /* AlternativeCastTableViewCell.m in Sources */,
				CE530D931D993061003A708F /* CustomTableViewCell.m in Sources */,
				CEE832D01D9547FC0074648B /* FeedTableViewCell.m in Sources */,
				CECC8E0F1DAFD68A00E132AA /* SeasonSelectionTableViewCell.m in Sources */,
				CEEA7D001D947D3300D90DEF /* Movie.m in Sources */,
				CE43F6411DA918BE00D8349B /* BasicInfoTableViewCell.m in Sources */,
				CEF93FA81DADD282005028F5 /* SeasonsTableViewCell.m in Sources */,
				CE8329B31DA7BE82000F9424 /* TVEventDetailsTableViewController.m in Sources */,
				CE530D971D996043003A708F /* FeedDownloader.m in Sources */,
				CE43F6531DA9C73E00D8349B /* Person.m in Sources */,
				CE69C6D51DB062E500FE3429 /* BasicEpisodeInfoTableViewCell.m in Sources */,
				CE0760D71DB30FD800D92135 /* SortByDropDownTableViewCell.m in Sources */,
				CE11095A1DAF26EB005F4676 /* EpisodeTableViewCell.m in Sources */,
				CE69C6D01DB0586700FE3429 /* EpisodeTrailerTableViewCell.m in Sources */,
				CECC8E061DAFCA6E00E132AA /* TVShowEpisode.m in Sources */,
				CEF544191D9F3BD300124204 /* DataProviderService.m in Sources */,
				CE5885231DB2EDA000A52DBB /* SearchResultItemTableViewCell.m in Sources */,
				CE741D341D91ED5D0081C33A /* main.m in Sources */,
				CE8329B71DA7D855000F9424 /* TrailerTableViewCell.m in Sources */,
				CE43F6461DA9571C00D8349B /* SeparatorTableViewCell.m in Sources */,
				CE0760D21DB30F8C00D92135 /* MainSortByTableViewCell.m in Sources */,
				CE43F65C1DAA9A8100D8349B /* TvShowSeason.m in Sources */,
				CECC8E031DAFAEC100E132AA /* EpisodesGuideTableViewController.m in Sources */,
				CE43F6501DA9C2CF00D8349B /* TVShowDetails.m in Sources */,
			);
			runOnlyForDeploymentPostprocessing = 0;
		};
		CE741D441D91ED5E0081C33A /* Sources */ = {
			isa = PBXSourcesBuildPhase;
			buildActionMask = 2147483647;
			files = (
				CE741D4D1D91ED5E0081C33A /* MovieAppTests.m in Sources */,
			);
			runOnlyForDeploymentPostprocessing = 0;
		};
		CE741D4F1D91ED5E0081C33A /* Sources */ = {
			isa = PBXSourcesBuildPhase;
			buildActionMask = 2147483647;
			files = (
				CE741D581D91ED5E0081C33A /* MovieAppUITests.m in Sources */,
			);
			runOnlyForDeploymentPostprocessing = 0;
		};
/* End PBXSourcesBuildPhase section */

/* Begin PBXTargetDependency section */
		CE741D4A1D91ED5E0081C33A /* PBXTargetDependency */ = {
			isa = PBXTargetDependency;
			target = CE741D2E1D91ED5D0081C33A /* MovieApp */;
			targetProxy = CE741D491D91ED5E0081C33A /* PBXContainerItemProxy */;
		};
		CE741D551D91ED5E0081C33A /* PBXTargetDependency */ = {
			isa = PBXTargetDependency;
			target = CE741D2E1D91ED5D0081C33A /* MovieApp */;
			targetProxy = CE741D541D91ED5E0081C33A /* PBXContainerItemProxy */;
		};
/* End PBXTargetDependency section */

/* Begin PBXVariantGroup section */
		CE741D3B1D91ED5D0081C33A /* Main.storyboard */ = {
			isa = PBXVariantGroup;
			children = (
				CE741D3C1D91ED5D0081C33A /* Base */,
			);
			name = Main.storyboard;
			sourceTree = "<group>";
		};
		CE741D401D91ED5D0081C33A /* LaunchScreen.storyboard */ = {
			isa = PBXVariantGroup;
			children = (
				CE741D411D91ED5D0081C33A /* Base */,
			);
			name = LaunchScreen.storyboard;
			sourceTree = "<group>";
		};
/* End PBXVariantGroup section */

/* Begin XCBuildConfiguration section */
		CE741D5A1D91ED5E0081C33A /* Debug */ = {
			isa = XCBuildConfiguration;
			buildSettings = {
				ALWAYS_SEARCH_USER_PATHS = NO;
				CLANG_ANALYZER_NONNULL = YES;
				CLANG_CXX_LANGUAGE_STANDARD = "gnu++0x";
				CLANG_CXX_LIBRARY = "libc++";
				CLANG_ENABLE_MODULES = YES;
				CLANG_ENABLE_OBJC_ARC = YES;
				CLANG_WARN_BOOL_CONVERSION = YES;
				CLANG_WARN_CONSTANT_CONVERSION = YES;
				CLANG_WARN_DIRECT_OBJC_ISA_USAGE = YES_ERROR;
				CLANG_WARN_DOCUMENTATION_COMMENTS = YES;
				CLANG_WARN_EMPTY_BODY = YES;
				CLANG_WARN_ENUM_CONVERSION = YES;
				CLANG_WARN_INFINITE_RECURSION = YES;
				CLANG_WARN_INT_CONVERSION = YES;
				CLANG_WARN_OBJC_ROOT_CLASS = YES_ERROR;
				CLANG_WARN_SUSPICIOUS_MOVE = YES;
				CLANG_WARN_SUSPICIOUS_MOVES = YES;
				CLANG_WARN_UNREACHABLE_CODE = YES;
				CLANG_WARN__DUPLICATE_METHOD_MATCH = YES;
				"CODE_SIGN_IDENTITY[sdk=iphoneos*]" = "iPhone Developer";
				COPY_PHASE_STRIP = NO;
				DEBUG_INFORMATION_FORMAT = dwarf;
				ENABLE_STRICT_OBJC_MSGSEND = YES;
				ENABLE_TESTABILITY = YES;
				GCC_C_LANGUAGE_STANDARD = gnu99;
				GCC_DYNAMIC_NO_PIC = NO;
				GCC_NO_COMMON_BLOCKS = YES;
				GCC_OPTIMIZATION_LEVEL = 0;
				GCC_PREPROCESSOR_DEFINITIONS = (
					"DEBUG=1",
					"$(inherited)",
				);
				GCC_WARN_64_TO_32_BIT_CONVERSION = YES;
				GCC_WARN_ABOUT_RETURN_TYPE = YES_ERROR;
				GCC_WARN_UNDECLARED_SELECTOR = YES;
				GCC_WARN_UNINITIALIZED_AUTOS = YES_AGGRESSIVE;
				GCC_WARN_UNUSED_FUNCTION = YES;
				GCC_WARN_UNUSED_VARIABLE = YES;
				IPHONEOS_DEPLOYMENT_TARGET = 9.0;
				MTL_ENABLE_DEBUG_INFO = YES;
				ONLY_ACTIVE_ARCH = YES;
				SDKROOT = iphoneos;
			};
			name = Debug;
		};
		CE741D5B1D91ED5E0081C33A /* Release */ = {
			isa = XCBuildConfiguration;
			buildSettings = {
				ALWAYS_SEARCH_USER_PATHS = NO;
				CLANG_ANALYZER_NONNULL = YES;
				CLANG_CXX_LANGUAGE_STANDARD = "gnu++0x";
				CLANG_CXX_LIBRARY = "libc++";
				CLANG_ENABLE_MODULES = YES;
				CLANG_ENABLE_OBJC_ARC = YES;
				CLANG_WARN_BOOL_CONVERSION = YES;
				CLANG_WARN_CONSTANT_CONVERSION = YES;
				CLANG_WARN_DIRECT_OBJC_ISA_USAGE = YES_ERROR;
				CLANG_WARN_DOCUMENTATION_COMMENTS = YES;
				CLANG_WARN_EMPTY_BODY = YES;
				CLANG_WARN_ENUM_CONVERSION = YES;
				CLANG_WARN_INFINITE_RECURSION = YES;
				CLANG_WARN_INT_CONVERSION = YES;
				CLANG_WARN_OBJC_ROOT_CLASS = YES_ERROR;
				CLANG_WARN_SUSPICIOUS_MOVE = YES;
				CLANG_WARN_SUSPICIOUS_MOVES = YES;
				CLANG_WARN_UNREACHABLE_CODE = YES;
				CLANG_WARN__DUPLICATE_METHOD_MATCH = YES;
				"CODE_SIGN_IDENTITY[sdk=iphoneos*]" = "iPhone Developer";
				COPY_PHASE_STRIP = NO;
				DEBUG_INFORMATION_FORMAT = "dwarf-with-dsym";
				ENABLE_NS_ASSERTIONS = NO;
				ENABLE_STRICT_OBJC_MSGSEND = YES;
				GCC_C_LANGUAGE_STANDARD = gnu99;
				GCC_NO_COMMON_BLOCKS = YES;
				GCC_WARN_64_TO_32_BIT_CONVERSION = YES;
				GCC_WARN_ABOUT_RETURN_TYPE = YES_ERROR;
				GCC_WARN_UNDECLARED_SELECTOR = YES;
				GCC_WARN_UNINITIALIZED_AUTOS = YES_AGGRESSIVE;
				GCC_WARN_UNUSED_FUNCTION = YES;
				GCC_WARN_UNUSED_VARIABLE = YES;
				IPHONEOS_DEPLOYMENT_TARGET = 9.0;
				MTL_ENABLE_DEBUG_INFO = NO;
				SDKROOT = iphoneos;
				VALIDATE_PRODUCT = YES;
			};
			name = Release;
		};
		CE741D5D1D91ED5E0081C33A /* Debug */ = {
			isa = XCBuildConfiguration;
			baseConfigurationReference = 3BE3CE64F8B24CB83F4DF077 /* Pods-MovieApp.debug.xcconfig */;
			buildSettings = {
				ASSETCATALOG_COMPILER_APPICON_NAME = AppIcon;
				GCC_PRECOMPILE_PREFIX_HEADER = YES;
				GCC_PREFIX_HEADER = "$(SRCROOT)/PrefixHeader.pch";
				HEADER_SEARCH_PATHS = "$(inherited)";
				INFOPLIST_FILE = MovieApp/Info.plist;
				IPHONEOS_DEPLOYMENT_TARGET = 9.0;
				LD_RUNPATH_SEARCH_PATHS = "$(inherited) @executable_path/Frameworks";
				LIBRARY_SEARCH_PATHS = "$(inherited)";
				OTHER_LDFLAGS = "$(inherited)";
				PRODUCT_BUNDLE_IDENTIFIER = internshipABH.MovieApp;
				PRODUCT_NAME = "$(TARGET_NAME)";
			};
			name = Debug;
		};
		CE741D5E1D91ED5E0081C33A /* Release */ = {
			isa = XCBuildConfiguration;
			baseConfigurationReference = 040F34BBEE8EEA7AB088BBF0 /* Pods-MovieApp.release.xcconfig */;
			buildSettings = {
				ASSETCATALOG_COMPILER_APPICON_NAME = AppIcon;
				GCC_PRECOMPILE_PREFIX_HEADER = YES;
				GCC_PREFIX_HEADER = "$(SRCROOT)/PrefixHeader.pch";
				HEADER_SEARCH_PATHS = "$(inherited)";
				INFOPLIST_FILE = MovieApp/Info.plist;
				IPHONEOS_DEPLOYMENT_TARGET = 9.0;
				LD_RUNPATH_SEARCH_PATHS = "$(inherited) @executable_path/Frameworks";
				LIBRARY_SEARCH_PATHS = "$(inherited)";
				OTHER_LDFLAGS = "$(inherited)";
				PRODUCT_BUNDLE_IDENTIFIER = internshipABH.MovieApp;
				PRODUCT_NAME = "$(TARGET_NAME)";
			};
			name = Release;
		};
		CE741D601D91ED5E0081C33A /* Debug */ = {
			isa = XCBuildConfiguration;
			buildSettings = {
				BUNDLE_LOADER = "$(TEST_HOST)";
				INFOPLIST_FILE = MovieAppTests/Info.plist;
				LD_RUNPATH_SEARCH_PATHS = "$(inherited) @executable_path/Frameworks @loader_path/Frameworks";
				PRODUCT_BUNDLE_IDENTIFIER = internshipABH.MovieAppTests;
				PRODUCT_NAME = "$(TARGET_NAME)";
				TEST_HOST = "$(BUILT_PRODUCTS_DIR)/MovieApp.app/MovieApp";
			};
			name = Debug;
		};
		CE741D611D91ED5E0081C33A /* Release */ = {
			isa = XCBuildConfiguration;
			buildSettings = {
				BUNDLE_LOADER = "$(TEST_HOST)";
				INFOPLIST_FILE = MovieAppTests/Info.plist;
				LD_RUNPATH_SEARCH_PATHS = "$(inherited) @executable_path/Frameworks @loader_path/Frameworks";
				PRODUCT_BUNDLE_IDENTIFIER = internshipABH.MovieAppTests;
				PRODUCT_NAME = "$(TARGET_NAME)";
				TEST_HOST = "$(BUILT_PRODUCTS_DIR)/MovieApp.app/MovieApp";
			};
			name = Release;
		};
		CE741D631D91ED5E0081C33A /* Debug */ = {
			isa = XCBuildConfiguration;
			buildSettings = {
				INFOPLIST_FILE = MovieAppUITests/Info.plist;
				LD_RUNPATH_SEARCH_PATHS = "$(inherited) @executable_path/Frameworks @loader_path/Frameworks";
				PRODUCT_BUNDLE_IDENTIFIER = internshipABH.MovieAppUITests;
				PRODUCT_NAME = "$(TARGET_NAME)";
				TEST_TARGET_NAME = MovieApp;
			};
			name = Debug;
		};
		CE741D641D91ED5E0081C33A /* Release */ = {
			isa = XCBuildConfiguration;
			buildSettings = {
				INFOPLIST_FILE = MovieAppUITests/Info.plist;
				LD_RUNPATH_SEARCH_PATHS = "$(inherited) @executable_path/Frameworks @loader_path/Frameworks";
				PRODUCT_BUNDLE_IDENTIFIER = internshipABH.MovieAppUITests;
				PRODUCT_NAME = "$(TARGET_NAME)";
				TEST_TARGET_NAME = MovieApp;
			};
			name = Release;
		};
/* End XCBuildConfiguration section */

/* Begin XCConfigurationList section */
		CE741D2A1D91ED5D0081C33A /* Build configuration list for PBXProject "MovieApp" */ = {
			isa = XCConfigurationList;
			buildConfigurations = (
				CE741D5A1D91ED5E0081C33A /* Debug */,
				CE741D5B1D91ED5E0081C33A /* Release */,
			);
			defaultConfigurationIsVisible = 0;
			defaultConfigurationName = Release;
		};
		CE741D5C1D91ED5E0081C33A /* Build configuration list for PBXNativeTarget "MovieApp" */ = {
			isa = XCConfigurationList;
			buildConfigurations = (
				CE741D5D1D91ED5E0081C33A /* Debug */,
				CE741D5E1D91ED5E0081C33A /* Release */,
			);
			defaultConfigurationIsVisible = 0;
			defaultConfigurationName = Release;
		};
		CE741D5F1D91ED5E0081C33A /* Build configuration list for PBXNativeTarget "MovieAppTests" */ = {
			isa = XCConfigurationList;
			buildConfigurations = (
				CE741D601D91ED5E0081C33A /* Debug */,
				CE741D611D91ED5E0081C33A /* Release */,
			);
			defaultConfigurationIsVisible = 0;
			defaultConfigurationName = Release;
		};
		CE741D621D91ED5E0081C33A /* Build configuration list for PBXNativeTarget "MovieAppUITests" */ = {
			isa = XCConfigurationList;
			buildConfigurations = (
				CE741D631D91ED5E0081C33A /* Debug */,
				CE741D641D91ED5E0081C33A /* Release */,
			);
			defaultConfigurationIsVisible = 0;
			defaultConfigurationName = Release;
		};
/* End XCConfigurationList section */
	};
	rootObject = CE741D271D91ED5D0081C33A /* Project object */;
}
